// !$*UTF8*$!
{
	archiveVersion = 1;
	classes = {
	};
	objectVersion = 48;
	objects = {

/* Begin PBXBuildFile section */
		24033CAD1FE904D80001DD63 /* AFOHPDetailController.h in Headers */ = {isa = PBXBuildFile; fileRef = 24033CAB1FE904D80001DD63 /* AFOHPDetailController.h */; };
		24033CAE1FE904D80001DD63 /* AFOHPDetailController.m in Sources */ = {isa = PBXBuildFile; fileRef = 24033CAC1FE904D80001DD63 /* AFOHPDetailController.m */; };
		24033CAF1FE906570001DD63 /* AFORouter.framework in Frameworks */ = {isa = PBXBuildFile; fileRef = 24033CB01FE906570001DD63 /* AFORouter.framework */; };
		24033CB21FE9066A0001DD63 /* AFORouter.framework in CopyFiles */ = {isa = PBXBuildFile; fileRef = 24033CB01FE906570001DD63 /* AFORouter.framework */; settings = {ATTRIBUTES = (CodeSignOnCopy, RemoveHeadersOnCopy, ); }; };
		2405E5FB1FEA497E00BAFF97 /* AFOCardStackingModel.h in Headers */ = {isa = PBXBuildFile; fileRef = 2405E5F91FEA497E00BAFF97 /* AFOCardStackingModel.h */; };
		2405E5FC1FEA497E00BAFF97 /* AFOCardStackingModel.m in Sources */ = {isa = PBXBuildFile; fileRef = 2405E5FA1FEA497E00BAFF97 /* AFOCardStackingModel.m */; };
		240B82C0225DE6AC00F2DBA8 /* AFOHPPlayPresenterViewDelegate.h in Headers */ = {isa = PBXBuildFile; fileRef = 240B82BF225DE6AC00F2DBA8 /* AFOHPPlayPresenterViewDelegate.h */; };
		240B82C2225DE70A00F2DBA8 /* AFOHPPlayPresenterBusinessDelegate.h in Headers */ = {isa = PBXBuildFile; fileRef = 240B82C1225DE70A00F2DBA8 /* AFOHPPlayPresenterBusinessDelegate.h */; };
		240BAB241FE1218800D58435 /* AFOHomePage.h in Headers */ = {isa = PBXBuildFile; fileRef = 240BAB221FE1218800D58435 /* AFOHomePage.h */; settings = {ATTRIBUTES = (Public, ); }; };
		2437D9BC1FF3329E00E12235 /* AFOHPListCell.h in Headers */ = {isa = PBXBuildFile; fileRef = 2437D9BA1FF3329E00E12235 /* AFOHPListCell.h */; };
		2437D9BD1FF3329E00E12235 /* AFOHPListCell.m in Sources */ = {isa = PBXBuildFile; fileRef = 2437D9BB1FF3329E00E12235 /* AFOHPListCell.m */; };
		243A8D2F1FF0DE94004BA1CE /* AFOMPMediaQuery.h in Headers */ = {isa = PBXBuildFile; fileRef = 243A8D2D1FF0DE94004BA1CE /* AFOMPMediaQuery.h */; };
		243A8D301FF0DE94004BA1CE /* AFOMPMediaQuery.m in Sources */ = {isa = PBXBuildFile; fileRef = 243A8D2E1FF0DE94004BA1CE /* AFOMPMediaQuery.m */; };
		24479093200F7AD600445C62 /* AFOHPAVPlayer.h in Headers */ = {isa = PBXBuildFile; fileRef = 24479091200F7AD600445C62 /* AFOHPAVPlayer.h */; };
		24479094200F7AD600445C62 /* AFOHPAVPlayer.m in Sources */ = {isa = PBXBuildFile; fileRef = 24479092200F7AD600445C62 /* AFOHPAVPlayer.m */; };
		24482103225B379200DC9207 /* AFOHPPresenter.h in Headers */ = {isa = PBXBuildFile; fileRef = 24482101225B379200DC9207 /* AFOHPPresenter.h */; };
		24482104225B379200DC9207 /* AFOHPPresenter.m in Sources */ = {isa = PBXBuildFile; fileRef = 24482102225B379200DC9207 /* AFOHPPresenter.m */; };
		2458D6782010263900D2058C /* AFOHPPlayerView.h in Headers */ = {isa = PBXBuildFile; fileRef = 2458D6762010263900D2058C /* AFOHPPlayerView.h */; };
		2458D6792010263900D2058C /* AFOHPPlayerView.m in Sources */ = {isa = PBXBuildFile; fileRef = 2458D6772010263900D2058C /* AFOHPPlayerView.m */; };
		2458D6B420102D9100D2058C /* AFOGitHub.framework in Frameworks */ = {isa = PBXBuildFile; fileRef = 2458D6B520102D9100D2058C /* AFOGitHub.framework */; };
		2459238F1FE131880094C3E0 /* AFOHPNavigationController.h in Headers */ = {isa = PBXBuildFile; fileRef = 2459238D1FE131880094C3E0 /* AFOHPNavigationController.h */; };
		245923901FE131880094C3E0 /* AFOHPNavigationController.m in Sources */ = {isa = PBXBuildFile; fileRef = 2459238E1FE131880094C3E0 /* AFOHPNavigationController.m */; };
		245923B71FE136970094C3E0 /* AFOHPMainController.h in Headers */ = {isa = PBXBuildFile; fileRef = 245923B51FE136970094C3E0 /* AFOHPMainController.h */; };
		245923B81FE136970094C3E0 /* AFOHPMainController.m in Sources */ = {isa = PBXBuildFile; fileRef = 245923B61FE136970094C3E0 /* AFOHPMainController.m */; };
		245923BD1FE1371F0094C3E0 /* AFOHPForeign.h in Headers */ = {isa = PBXBuildFile; fileRef = 245923BB1FE1371F0094C3E0 /* AFOHPForeign.h */; settings = {ATTRIBUTES = (Public, ); }; };
		245923BE1FE1371F0094C3E0 /* AFOHPForeign.m in Sources */ = {isa = PBXBuildFile; fileRef = 245923BC1FE1371F0094C3E0 /* AFOHPForeign.m */; };
		245923C11FE13E5E0094C3E0 /* AFOHPStaticString.h in Headers */ = {isa = PBXBuildFile; fileRef = 245923C01FE13E5E0094C3E0 /* AFOHPStaticString.h */; };
		247CADC620175FB900F73A5D /* AFOHPAVPlayer+ChooseSong.h in Headers */ = {isa = PBXBuildFile; fileRef = 247CADC420175FB900F73A5D /* AFOHPAVPlayer+ChooseSong.h */; };
		247CADC720175FB900F73A5D /* AFOHPAVPlayer+ChooseSong.m in Sources */ = {isa = PBXBuildFile; fileRef = 247CADC520175FB900F73A5D /* AFOHPAVPlayer+ChooseSong.m */; };
		24885956201ACB4700623E66 /* AFOFoundation.framework in Frameworks */ = {isa = PBXBuildFile; fileRef = 24885957201ACB4700623E66 /* AFOFoundation.framework */; };
		24895591225C7098006AF82B /* AFOHPListDelegate.h in Headers */ = {isa = PBXBuildFile; fileRef = 2489558F225C7098006AF82B /* AFOHPListDelegate.h */; };
		24895592225C7098006AF82B /* AFOHPListDelegate.m in Sources */ = {isa = PBXBuildFile; fileRef = 24895590225C7098006AF82B /* AFOHPListDelegate.m */; };
		24895596225C86CF006AF82B /* AFODetailPresenterView.h in Headers */ = {isa = PBXBuildFile; fileRef = 24895594225C86CF006AF82B /* AFODetailPresenterView.h */; };
		24895597225C86CF006AF82B /* AFODetailPresenterView.m in Sources */ = {isa = PBXBuildFile; fileRef = 24895595225C86CF006AF82B /* AFODetailPresenterView.m */; };
		2489559A225C8700006AF82B /* AFODetailPresenterBusiness.h in Headers */ = {isa = PBXBuildFile; fileRef = 24895598225C8700006AF82B /* AFODetailPresenterBusiness.h */; };
		2489559B225C8700006AF82B /* AFODetailPresenterBusiness.m in Sources */ = {isa = PBXBuildFile; fileRef = 24895599225C8700006AF82B /* AFODetailPresenterBusiness.m */; };
		2489559E225C87D0006AF82B /* AFOHPDetailDelegate.h in Headers */ = {isa = PBXBuildFile; fileRef = 2489559C225C87D0006AF82B /* AFOHPDetailDelegate.h */; };
		2489559F225C87D0006AF82B /* AFOHPDetailDelegate.m in Sources */ = {isa = PBXBuildFile; fileRef = 2489559D225C87D0006AF82B /* AFOHPDetailDelegate.m */; };
		248955A1225C91A2006AF82B /* AFOHPDetailModel.m in Sources */ = {isa = PBXBuildFile; fileRef = 248955A0225C91A2006AF82B /* AFOHPDetailModel.m */; };
		24898157200F38DF008FB71D /* AFOHPVedioController.h in Headers */ = {isa = PBXBuildFile; fileRef = 24898155200F38DF008FB71D /* AFOHPVedioController.h */; };
		24898158200F38DF008FB71D /* AFOHPVedioController.m in Sources */ = {isa = PBXBuildFile; fileRef = 24898156200F38DF008FB71D /* AFOHPVedioController.m */; };
		249797A01FE5F74C009AB645 /* AFOCardStackCollectionDataSource.h in Headers */ = {isa = PBXBuildFile; fileRef = 249797931FE5F74C009AB645 /* AFOCardStackCollectionDataSource.h */; };
		249797A11FE5F74C009AB645 /* AFOCardStackCollectionCell.h in Headers */ = {isa = PBXBuildFile; fileRef = 249797941FE5F74C009AB645 /* AFOCardStackCollectionCell.h */; };
		249797A21FE5F74C009AB645 /* AFOCardStackDefaultLayout.m in Sources */ = {isa = PBXBuildFile; fileRef = 249797961FE5F74C009AB645 /* AFOCardStackDefaultLayout.m */; };
		249797A31FE5F74C009AB645 /* AFOCardStackSelectedLayout.m in Sources */ = {isa = PBXBuildFile; fileRef = 249797971FE5F74C009AB645 /* AFOCardStackSelectedLayout.m */; };
		249797A41FE5F74C009AB645 /* AFOCardStackDefaultLayout.h in Headers */ = {isa = PBXBuildFile; fileRef = 249797981FE5F74C009AB645 /* AFOCardStackDefaultLayout.h */; };
		249797A51FE5F74C009AB645 /* AFOCardStackSelectedLayout.h in Headers */ = {isa = PBXBuildFile; fileRef = 249797991FE5F74C009AB645 /* AFOCardStackSelectedLayout.h */; };
		249797A61FE5F74C009AB645 /* AFOCardStackingController.m in Sources */ = {isa = PBXBuildFile; fileRef = 2497979A1FE5F74C009AB645 /* AFOCardStackingController.m */; };
		249797A71FE5F74C009AB645 /* AFOCardStackCollectionDataSource.m in Sources */ = {isa = PBXBuildFile; fileRef = 2497979B1FE5F74C009AB645 /* AFOCardStackCollectionDataSource.m */; };
		249797A81FE5F74C009AB645 /* AFOCardStackCollectionCell.m in Sources */ = {isa = PBXBuildFile; fileRef = 2497979C1FE5F74C009AB645 /* AFOCardStackCollectionCell.m */; };
		249797A91FE5F74C009AB645 /* AFOCardStackingController.h in Headers */ = {isa = PBXBuildFile; fileRef = 2497979D1FE5F74C009AB645 /* AFOCardStackingController.h */; };
		24A0F987225B83B7006CC24D /* AFOListPresenterView.h in Headers */ = {isa = PBXBuildFile; fileRef = 24A0F985225B83B7006CC24D /* AFOListPresenterView.h */; };
		24A0F988225B83B7006CC24D /* AFOListPresenterView.m in Sources */ = {isa = PBXBuildFile; fileRef = 24A0F986225B83B7006CC24D /* AFOListPresenterView.m */; };
		24A0F98B225B83CE006CC24D /* AFOListPresenterBusiness.h in Headers */ = {isa = PBXBuildFile; fileRef = 24A0F989225B83CE006CC24D /* AFOListPresenterBusiness.h */; };
		24A0F98C225B83CE006CC24D /* AFOListPresenterBusiness.m in Sources */ = {isa = PBXBuildFile; fileRef = 24A0F98A225B83CE006CC24D /* AFOListPresenterBusiness.m */; };
		24A0F98E225B84A8006CC24D /* AFOHPPresenterDelegate.h in Headers */ = {isa = PBXBuildFile; fileRef = 24A0F98D225B84A8006CC24D /* AFOHPPresenterDelegate.h */; };
		24AEB79C1FF1338E00F017E9 /* AFOHPDetailDataSource.h in Headers */ = {isa = PBXBuildFile; fileRef = 24AEB79A1FF1338E00F017E9 /* AFOHPDetailDataSource.h */; };
		24AEB79D1FF1338E00F017E9 /* AFOHPDetailDataSource.m in Sources */ = {isa = PBXBuildFile; fileRef = 24AEB79B1FF1338E00F017E9 /* AFOHPDetailDataSource.m */; };
		24AEB79F1FF133D100F017E9 /* AFOHPListDataSource.m in Sources */ = {isa = PBXBuildFile; fileRef = 24AEB79E1FF133D100F017E9 /* AFOHPListDataSource.m */; };
		24AFA166225AE4D90054C2A6 /* AFOHPPlayerBaseView.h in Headers */ = {isa = PBXBuildFile; fileRef = 24AFA164225AE4D90054C2A6 /* AFOHPPlayerBaseView.h */; };
		24AFA167225AE4D90054C2A6 /* AFOHPPlayerBaseView.m in Sources */ = {isa = PBXBuildFile; fileRef = 24AFA165225AE4D90054C2A6 /* AFOHPPlayerBaseView.m */; };
		24CA985A1FE798D300CE9BB2 /* AFOHPListController.h in Headers */ = {isa = PBXBuildFile; fileRef = 24CA98581FE798D300CE9BB2 /* AFOHPListController.h */; };
		24CA985B1FE798D300CE9BB2 /* AFOHPListController.m in Sources */ = {isa = PBXBuildFile; fileRef = 24CA98591FE798D300CE9BB2 /* AFOHPListController.m */; };
		24CC7A94225D944C00874610 /* AFOHPPlayPresenterView.h in Headers */ = {isa = PBXBuildFile; fileRef = 24CC7A92225D944C00874610 /* AFOHPPlayPresenterView.h */; };
		24CC7A95225D944C00874610 /* AFOHPPlayPresenterView.m in Sources */ = {isa = PBXBuildFile; fileRef = 24CC7A93225D944C00874610 /* AFOHPPlayPresenterView.m */; };
		24CC7A98225D945F00874610 /* AFOHPPlayPresenterBusiness.h in Headers */ = {isa = PBXBuildFile; fileRef = 24CC7A96225D945F00874610 /* AFOHPPlayPresenterBusiness.h */; };
		24CC7A99225D945F00874610 /* AFOHPPlayPresenterBusiness.m in Sources */ = {isa = PBXBuildFile; fileRef = 24CC7A97225D945F00874610 /* AFOHPPlayPresenterBusiness.m */; };
		24CFFB301FF1EEDB00C1E465 /* AFOHPListModel.h in Headers */ = {isa = PBXBuildFile; fileRef = 24CFFB2E1FF1EEDB00C1E465 /* AFOHPListModel.h */; };
		24CFFB311FF1EEDB00C1E465 /* AFOHPListModel.m in Sources */ = {isa = PBXBuildFile; fileRef = 24CFFB2F1FF1EEDB00C1E465 /* AFOHPListModel.m */; };
		24CFFB341FF1F27100C1E465 /* AFOHPDetailModel.h in Headers */ = {isa = PBXBuildFile; fileRef = 24CFFB321FF1F27100C1E465 /* AFOHPDetailModel.h */; };
		24CFFB391FF200BC00C1E465 /* AFOHPDetailCell.h in Headers */ = {isa = PBXBuildFile; fileRef = 24CFFB371FF200BC00C1E465 /* AFOHPDetailCell.h */; };
		24CFFB3A1FF200BC00C1E465 /* AFOHPDetailCell.m in Sources */ = {isa = PBXBuildFile; fileRef = 24CFFB381FF200BC00C1E465 /* AFOHPDetailCell.m */; };
		24E0AE7A225CE18A009170D6 /* AFOMainPresenterView.h in Headers */ = {isa = PBXBuildFile; fileRef = 24E0AE78225CE18A009170D6 /* AFOMainPresenterView.h */; };
		24E0AE7B225CE18A009170D6 /* AFOMainPresenterView.m in Sources */ = {isa = PBXBuildFile; fileRef = 24E0AE79225CE18A009170D6 /* AFOMainPresenterView.m */; };
		24E0AE81225CE639009170D6 /* AFOCardPresenterView.h in Headers */ = {isa = PBXBuildFile; fileRef = 24E0AE7F225CE639009170D6 /* AFOCardPresenterView.h */; };
		24E0AE82225CE639009170D6 /* AFOCardPresenterView.m in Sources */ = {isa = PBXBuildFile; fileRef = 24E0AE80225CE639009170D6 /* AFOCardPresenterView.m */; };
		24E0AE85225CE64C009170D6 /* AFOCardPresenterBusiness.h in Headers */ = {isa = PBXBuildFile; fileRef = 24E0AE83225CE64C009170D6 /* AFOCardPresenterBusiness.h */; };
		24E0AE86225CE64C009170D6 /* AFOCardPresenterBusiness.m in Sources */ = {isa = PBXBuildFile; fileRef = 24E0AE84225CE64C009170D6 /* AFOCardPresenterBusiness.m */; };
		24E0AE89225CE6A6009170D6 /* AFOCardStackCollectionDelegate.h in Headers */ = {isa = PBXBuildFile; fileRef = 24E0AE87225CE6A6009170D6 /* AFOCardStackCollectionDelegate.h */; };
		24E0AE8A225CE6A6009170D6 /* AFOCardStackCollectionDelegate.m in Sources */ = {isa = PBXBuildFile; fileRef = 24E0AE88225CE6A6009170D6 /* AFOCardStackCollectionDelegate.m */; };
		24E41A601FF0F4FB00CA3285 /* AFOHPListDataSource.h in Headers */ = {isa = PBXBuildFile; fileRef = 24E41A5E1FF0F4FB00CA3285 /* AFOHPListDataSource.h */; };
		24E9B142201F507300DE5673 /* AFOViews.framework in Frameworks */ = {isa = PBXBuildFile; fileRef = 24E9B143201F507300DE5673 /* AFOViews.framework */; };
/* End PBXBuildFile section */

/* Begin PBXCopyFilesBuildPhase section */
		24033CB11FE9065B0001DD63 /* CopyFiles */ = {
			isa = PBXCopyFilesBuildPhase;
			buildActionMask = 2147483647;
			dstPath = "";
			dstSubfolderSpec = 10;
			files = (
				24033CB21FE9066A0001DD63 /* AFORouter.framework in CopyFiles */,
			);
			runOnlyForDeploymentPostprocessing = 0;
		};
/* End PBXCopyFilesBuildPhase section */

/* Begin PBXFileReference section */
		24033CAB1FE904D80001DD63 /* AFOHPDetailController.h */ = {isa = PBXFileReference; lastKnownFileType = sourcecode.c.h; path = AFOHPDetailController.h; sourceTree = "<group>"; };
		24033CAC1FE904D80001DD63 /* AFOHPDetailController.m */ = {isa = PBXFileReference; lastKnownFileType = sourcecode.c.objc; path = AFOHPDetailController.m; sourceTree = "<group>"; };
		24033CB01FE906570001DD63 /* AFORouter.framework */ = {isa = PBXFileReference; explicitFileType = wrapper.framework; path = AFORouter.framework; sourceTree = BUILT_PRODUCTS_DIR; };
		2405E5F91FEA497E00BAFF97 /* AFOCardStackingModel.h */ = {isa = PBXFileReference; lastKnownFileType = sourcecode.c.h; path = AFOCardStackingModel.h; sourceTree = "<group>"; };
		2405E5FA1FEA497E00BAFF97 /* AFOCardStackingModel.m */ = {isa = PBXFileReference; lastKnownFileType = sourcecode.c.objc; path = AFOCardStackingModel.m; sourceTree = "<group>"; };
		240B82BF225DE6AC00F2DBA8 /* AFOHPPlayPresenterViewDelegate.h */ = {isa = PBXFileReference; lastKnownFileType = sourcecode.c.h; path = AFOHPPlayPresenterViewDelegate.h; sourceTree = "<group>"; };
		240B82C1225DE70A00F2DBA8 /* AFOHPPlayPresenterBusinessDelegate.h */ = {isa = PBXFileReference; lastKnownFileType = sourcecode.c.h; path = AFOHPPlayPresenterBusinessDelegate.h; sourceTree = "<group>"; };
		240BAB1F1FE1218800D58435 /* AFOHomePage.framework */ = {isa = PBXFileReference; explicitFileType = wrapper.framework; includeInIndex = 0; path = AFOHomePage.framework; sourceTree = BUILT_PRODUCTS_DIR; };
		240BAB221FE1218800D58435 /* AFOHomePage.h */ = {isa = PBXFileReference; lastKnownFileType = sourcecode.c.h; path = AFOHomePage.h; sourceTree = "<group>"; };
		2437D9BA1FF3329E00E12235 /* AFOHPListCell.h */ = {isa = PBXFileReference; lastKnownFileType = sourcecode.c.h; path = AFOHPListCell.h; sourceTree = "<group>"; };
		2437D9BB1FF3329E00E12235 /* AFOHPListCell.m */ = {isa = PBXFileReference; lastKnownFileType = sourcecode.c.objc; path = AFOHPListCell.m; sourceTree = "<group>"; };
		243A8D2D1FF0DE94004BA1CE /* AFOMPMediaQuery.h */ = {isa = PBXFileReference; lastKnownFileType = sourcecode.c.h; path = AFOMPMediaQuery.h; sourceTree = "<group>"; };
		243A8D2E1FF0DE94004BA1CE /* AFOMPMediaQuery.m */ = {isa = PBXFileReference; lastKnownFileType = sourcecode.c.objc; path = AFOMPMediaQuery.m; sourceTree = "<group>"; };
		24479091200F7AD600445C62 /* AFOHPAVPlayer.h */ = {isa = PBXFileReference; lastKnownFileType = sourcecode.c.h; path = AFOHPAVPlayer.h; sourceTree = "<group>"; };
		24479092200F7AD600445C62 /* AFOHPAVPlayer.m */ = {isa = PBXFileReference; lastKnownFileType = sourcecode.c.objc; path = AFOHPAVPlayer.m; sourceTree = "<group>"; };
		24482101225B379200DC9207 /* AFOHPPresenter.h */ = {isa = PBXFileReference; lastKnownFileType = sourcecode.c.h; path = AFOHPPresenter.h; sourceTree = "<group>"; };
		24482102225B379200DC9207 /* AFOHPPresenter.m */ = {isa = PBXFileReference; lastKnownFileType = sourcecode.c.objc; path = AFOHPPresenter.m; sourceTree = "<group>"; };
		2458D6762010263900D2058C /* AFOHPPlayerView.h */ = {isa = PBXFileReference; lastKnownFileType = sourcecode.c.h; path = AFOHPPlayerView.h; sourceTree = "<group>"; };
		2458D6772010263900D2058C /* AFOHPPlayerView.m */ = {isa = PBXFileReference; lastKnownFileType = sourcecode.c.objc; path = AFOHPPlayerView.m; sourceTree = "<group>"; };
		2458D6B520102D9100D2058C /* AFOGitHub.framework */ = {isa = PBXFileReference; explicitFileType = wrapper.framework; path = AFOGitHub.framework; sourceTree = BUILT_PRODUCTS_DIR; };
		2459238D1FE131880094C3E0 /* AFOHPNavigationController.h */ = {isa = PBXFileReference; lastKnownFileType = sourcecode.c.h; path = AFOHPNavigationController.h; sourceTree = "<group>"; };
		2459238E1FE131880094C3E0 /* AFOHPNavigationController.m */ = {isa = PBXFileReference; lastKnownFileType = sourcecode.c.objc; path = AFOHPNavigationController.m; sourceTree = "<group>"; };
		245923B51FE136970094C3E0 /* AFOHPMainController.h */ = {isa = PBXFileReference; lastKnownFileType = sourcecode.c.h; path = AFOHPMainController.h; sourceTree = "<group>"; };
		245923B61FE136970094C3E0 /* AFOHPMainController.m */ = {isa = PBXFileReference; lastKnownFileType = sourcecode.c.objc; path = AFOHPMainController.m; sourceTree = "<group>"; };
		245923BB1FE1371F0094C3E0 /* AFOHPForeign.h */ = {isa = PBXFileReference; lastKnownFileType = sourcecode.c.h; path = AFOHPForeign.h; sourceTree = "<group>"; };
		245923BC1FE1371F0094C3E0 /* AFOHPForeign.m */ = {isa = PBXFileReference; lastKnownFileType = sourcecode.c.objc; path = AFOHPForeign.m; sourceTree = "<group>"; };
		245923BF1FE137780094C3E0 /* AFOHomePage.pch */ = {isa = PBXFileReference; lastKnownFileType = sourcecode.c.h; path = AFOHomePage.pch; sourceTree = "<group>"; };
		245923C01FE13E5E0094C3E0 /* AFOHPStaticString.h */ = {isa = PBXFileReference; lastKnownFileType = sourcecode.c.h; path = AFOHPStaticString.h; sourceTree = "<group>"; };
		247CADC420175FB900F73A5D /* AFOHPAVPlayer+ChooseSong.h */ = {isa = PBXFileReference; lastKnownFileType = sourcecode.c.h; path = "AFOHPAVPlayer+ChooseSong.h"; sourceTree = "<group>"; };
		247CADC520175FB900F73A5D /* AFOHPAVPlayer+ChooseSong.m */ = {isa = PBXFileReference; lastKnownFileType = sourcecode.c.objc; path = "AFOHPAVPlayer+ChooseSong.m"; sourceTree = "<group>"; };
		24885957201ACB4700623E66 /* AFOFoundation.framework */ = {isa = PBXFileReference; explicitFileType = wrapper.framework; path = AFOFoundation.framework; sourceTree = BUILT_PRODUCTS_DIR; };
		2489558F225C7098006AF82B /* AFOHPListDelegate.h */ = {isa = PBXFileReference; lastKnownFileType = sourcecode.c.h; path = AFOHPListDelegate.h; sourceTree = "<group>"; };
		24895590225C7098006AF82B /* AFOHPListDelegate.m */ = {isa = PBXFileReference; lastKnownFileType = sourcecode.c.objc; path = AFOHPListDelegate.m; sourceTree = "<group>"; };
		24895594225C86CF006AF82B /* AFODetailPresenterView.h */ = {isa = PBXFileReference; lastKnownFileType = sourcecode.c.h; path = AFODetailPresenterView.h; sourceTree = "<group>"; };
		24895595225C86CF006AF82B /* AFODetailPresenterView.m */ = {isa = PBXFileReference; lastKnownFileType = sourcecode.c.objc; path = AFODetailPresenterView.m; sourceTree = "<group>"; };
		24895598225C8700006AF82B /* AFODetailPresenterBusiness.h */ = {isa = PBXFileReference; lastKnownFileType = sourcecode.c.h; path = AFODetailPresenterBusiness.h; sourceTree = "<group>"; };
		24895599225C8700006AF82B /* AFODetailPresenterBusiness.m */ = {isa = PBXFileReference; lastKnownFileType = sourcecode.c.objc; path = AFODetailPresenterBusiness.m; sourceTree = "<group>"; };
		2489559C225C87D0006AF82B /* AFOHPDetailDelegate.h */ = {isa = PBXFileReference; lastKnownFileType = sourcecode.c.h; path = AFOHPDetailDelegate.h; sourceTree = "<group>"; };
		2489559D225C87D0006AF82B /* AFOHPDetailDelegate.m */ = {isa = PBXFileReference; lastKnownFileType = sourcecode.c.objc; path = AFOHPDetailDelegate.m; sourceTree = "<group>"; };
		248955A0225C91A2006AF82B /* AFOHPDetailModel.m */ = {isa = PBXFileReference; fileEncoding = 4; lastKnownFileType = sourcecode.c.objc; path = AFOHPDetailModel.m; sourceTree = "<group>"; };
		24898155200F38DF008FB71D /* AFOHPVedioController.h */ = {isa = PBXFileReference; lastKnownFileType = sourcecode.c.h; path = AFOHPVedioController.h; sourceTree = "<group>"; };
		24898156200F38DF008FB71D /* AFOHPVedioController.m */ = {isa = PBXFileReference; lastKnownFileType = sourcecode.c.objc; path = AFOHPVedioController.m; sourceTree = "<group>"; };
		249797931FE5F74C009AB645 /* AFOCardStackCollectionDataSource.h */ = {isa = PBXFileReference; fileEncoding = 4; lastKnownFileType = sourcecode.c.h; path = AFOCardStackCollectionDataSource.h; sourceTree = "<group>"; };
		249797941FE5F74C009AB645 /* AFOCardStackCollectionCell.h */ = {isa = PBXFileReference; fileEncoding = 4; lastKnownFileType = sourcecode.c.h; path = AFOCardStackCollectionCell.h; sourceTree = "<group>"; };
		249797961FE5F74C009AB645 /* AFOCardStackDefaultLayout.m */ = {isa = PBXFileReference; fileEncoding = 4; lastKnownFileType = sourcecode.c.objc; path = AFOCardStackDefaultLayout.m; sourceTree = "<group>"; };
		249797971FE5F74C009AB645 /* AFOCardStackSelectedLayout.m */ = {isa = PBXFileReference; fileEncoding = 4; lastKnownFileType = sourcecode.c.objc; path = AFOCardStackSelectedLayout.m; sourceTree = "<group>"; };
		249797981FE5F74C009AB645 /* AFOCardStackDefaultLayout.h */ = {isa = PBXFileReference; fileEncoding = 4; lastKnownFileType = sourcecode.c.h; path = AFOCardStackDefaultLayout.h; sourceTree = "<group>"; };
		249797991FE5F74C009AB645 /* AFOCardStackSelectedLayout.h */ = {isa = PBXFileReference; fileEncoding = 4; lastKnownFileType = sourcecode.c.h; path = AFOCardStackSelectedLayout.h; sourceTree = "<group>"; };
		2497979A1FE5F74C009AB645 /* AFOCardStackingController.m */ = {isa = PBXFileReference; fileEncoding = 4; lastKnownFileType = sourcecode.c.objc; path = AFOCardStackingController.m; sourceTree = "<group>"; };
		2497979B1FE5F74C009AB645 /* AFOCardStackCollectionDataSource.m */ = {isa = PBXFileReference; fileEncoding = 4; lastKnownFileType = sourcecode.c.objc; path = AFOCardStackCollectionDataSource.m; sourceTree = "<group>"; };
		2497979C1FE5F74C009AB645 /* AFOCardStackCollectionCell.m */ = {isa = PBXFileReference; fileEncoding = 4; lastKnownFileType = sourcecode.c.objc; path = AFOCardStackCollectionCell.m; sourceTree = "<group>"; };
		2497979D1FE5F74C009AB645 /* AFOCardStackingController.h */ = {isa = PBXFileReference; fileEncoding = 4; lastKnownFileType = sourcecode.c.h; path = AFOCardStackingController.h; sourceTree = "<group>"; };
		24A0F985225B83B7006CC24D /* AFOListPresenterView.h */ = {isa = PBXFileReference; lastKnownFileType = sourcecode.c.h; path = AFOListPresenterView.h; sourceTree = "<group>"; };
		24A0F986225B83B7006CC24D /* AFOListPresenterView.m */ = {isa = PBXFileReference; lastKnownFileType = sourcecode.c.objc; path = AFOListPresenterView.m; sourceTree = "<group>"; };
		24A0F989225B83CE006CC24D /* AFOListPresenterBusiness.h */ = {isa = PBXFileReference; lastKnownFileType = sourcecode.c.h; path = AFOListPresenterBusiness.h; sourceTree = "<group>"; };
		24A0F98A225B83CE006CC24D /* AFOListPresenterBusiness.m */ = {isa = PBXFileReference; lastKnownFileType = sourcecode.c.objc; path = AFOListPresenterBusiness.m; sourceTree = "<group>"; };
		24A0F98D225B84A8006CC24D /* AFOHPPresenterDelegate.h */ = {isa = PBXFileReference; lastKnownFileType = sourcecode.c.h; path = AFOHPPresenterDelegate.h; sourceTree = "<group>"; };
		24AEB79A1FF1338E00F017E9 /* AFOHPDetailDataSource.h */ = {isa = PBXFileReference; lastKnownFileType = sourcecode.c.h; path = AFOHPDetailDataSource.h; sourceTree = "<group>"; };
		24AEB79B1FF1338E00F017E9 /* AFOHPDetailDataSource.m */ = {isa = PBXFileReference; lastKnownFileType = sourcecode.c.objc; path = AFOHPDetailDataSource.m; sourceTree = "<group>"; };
		24AEB79E1FF133D100F017E9 /* AFOHPListDataSource.m */ = {isa = PBXFileReference; fileEncoding = 4; lastKnownFileType = sourcecode.c.objc; path = AFOHPListDataSource.m; sourceTree = "<group>"; };
		24AFA164225AE4D90054C2A6 /* AFOHPPlayerBaseView.h */ = {isa = PBXFileReference; lastKnownFileType = sourcecode.c.h; path = AFOHPPlayerBaseView.h; sourceTree = "<group>"; };
		24AFA165225AE4D90054C2A6 /* AFOHPPlayerBaseView.m */ = {isa = PBXFileReference; lastKnownFileType = sourcecode.c.objc; path = AFOHPPlayerBaseView.m; sourceTree = "<group>"; };
		24CA98581FE798D300CE9BB2 /* AFOHPListController.h */ = {isa = PBXFileReference; lastKnownFileType = sourcecode.c.h; path = AFOHPListController.h; sourceTree = "<group>"; };
		24CA98591FE798D300CE9BB2 /* AFOHPListController.m */ = {isa = PBXFileReference; lastKnownFileType = sourcecode.c.objc; path = AFOHPListController.m; sourceTree = "<group>"; };
		24CC7A92225D944C00874610 /* AFOHPPlayPresenterView.h */ = {isa = PBXFileReference; lastKnownFileType = sourcecode.c.h; path = AFOHPPlayPresenterView.h; sourceTree = "<group>"; };
		24CC7A93225D944C00874610 /* AFOHPPlayPresenterView.m */ = {isa = PBXFileReference; lastKnownFileType = sourcecode.c.objc; path = AFOHPPlayPresenterView.m; sourceTree = "<group>"; };
		24CC7A96225D945F00874610 /* AFOHPPlayPresenterBusiness.h */ = {isa = PBXFileReference; lastKnownFileType = sourcecode.c.h; path = AFOHPPlayPresenterBusiness.h; sourceTree = "<group>"; };
		24CC7A97225D945F00874610 /* AFOHPPlayPresenterBusiness.m */ = {isa = PBXFileReference; lastKnownFileType = sourcecode.c.objc; path = AFOHPPlayPresenterBusiness.m; sourceTree = "<group>"; };
		24CFFB2E1FF1EEDB00C1E465 /* AFOHPListModel.h */ = {isa = PBXFileReference; lastKnownFileType = sourcecode.c.h; path = AFOHPListModel.h; sourceTree = "<group>"; };
		24CFFB2F1FF1EEDB00C1E465 /* AFOHPListModel.m */ = {isa = PBXFileReference; lastKnownFileType = sourcecode.c.objc; path = AFOHPListModel.m; sourceTree = "<group>"; };
		24CFFB321FF1F27100C1E465 /* AFOHPDetailModel.h */ = {isa = PBXFileReference; lastKnownFileType = sourcecode.c.h; path = AFOHPDetailModel.h; sourceTree = "<group>"; };
		24CFFB371FF200BC00C1E465 /* AFOHPDetailCell.h */ = {isa = PBXFileReference; lastKnownFileType = sourcecode.c.h; path = AFOHPDetailCell.h; sourceTree = "<group>"; };
		24CFFB381FF200BC00C1E465 /* AFOHPDetailCell.m */ = {isa = PBXFileReference; lastKnownFileType = sourcecode.c.objc; path = AFOHPDetailCell.m; sourceTree = "<group>"; };
		24E0AE78225CE18A009170D6 /* AFOMainPresenterView.h */ = {isa = PBXFileReference; lastKnownFileType = sourcecode.c.h; path = AFOMainPresenterView.h; sourceTree = "<group>"; };
		24E0AE79225CE18A009170D6 /* AFOMainPresenterView.m */ = {isa = PBXFileReference; lastKnownFileType = sourcecode.c.objc; path = AFOMainPresenterView.m; sourceTree = "<group>"; };
		24E0AE7F225CE639009170D6 /* AFOCardPresenterView.h */ = {isa = PBXFileReference; lastKnownFileType = sourcecode.c.h; path = AFOCardPresenterView.h; sourceTree = "<group>"; };
		24E0AE80225CE639009170D6 /* AFOCardPresenterView.m */ = {isa = PBXFileReference; lastKnownFileType = sourcecode.c.objc; path = AFOCardPresenterView.m; sourceTree = "<group>"; };
		24E0AE83225CE64C009170D6 /* AFOCardPresenterBusiness.h */ = {isa = PBXFileReference; lastKnownFileType = sourcecode.c.h; path = AFOCardPresenterBusiness.h; sourceTree = "<group>"; };
		24E0AE84225CE64C009170D6 /* AFOCardPresenterBusiness.m */ = {isa = PBXFileReference; lastKnownFileType = sourcecode.c.objc; path = AFOCardPresenterBusiness.m; sourceTree = "<group>"; };
		24E0AE87225CE6A6009170D6 /* AFOCardStackCollectionDelegate.h */ = {isa = PBXFileReference; lastKnownFileType = sourcecode.c.h; path = AFOCardStackCollectionDelegate.h; sourceTree = "<group>"; };
		24E0AE88225CE6A6009170D6 /* AFOCardStackCollectionDelegate.m */ = {isa = PBXFileReference; lastKnownFileType = sourcecode.c.objc; path = AFOCardStackCollectionDelegate.m; sourceTree = "<group>"; };
		24E41A5E1FF0F4FB00CA3285 /* AFOHPListDataSource.h */ = {isa = PBXFileReference; lastKnownFileType = sourcecode.c.h; path = AFOHPListDataSource.h; sourceTree = "<group>"; };
		24E9B143201F507300DE5673 /* AFOViews.framework */ = {isa = PBXFileReference; explicitFileType = wrapper.framework; path = AFOViews.framework; sourceTree = BUILT_PRODUCTS_DIR; };
/* End PBXFileReference section */

/* Begin PBXFrameworksBuildPhase section */
		240BAB1B1FE1218800D58435 /* Frameworks */ = {
			isa = PBXFrameworksBuildPhase;
			buildActionMask = 2147483647;
			files = (
				24E9B142201F507300DE5673 /* AFOViews.framework in Frameworks */,
				24885956201ACB4700623E66 /* AFOFoundation.framework in Frameworks */,
				2458D6B420102D9100D2058C /* AFOGitHub.framework in Frameworks */,
				24033CAF1FE906570001DD63 /* AFORouter.framework in Frameworks */,
			);
			runOnlyForDeploymentPostprocessing = 0;
		};
/* End PBXFrameworksBuildPhase section */

/* Begin PBXGroup section */
		24033CAA1FE904A10001DD63 /* detail */ = {
			isa = PBXGroup;
			children = (
				24AEB7991FF1336C00F017E9 /* models */,
				24CFFB361FF2008E00C1E465 /* views */,
				24895593225C868D006AF82B /* presenter */,
			);
			path = detail;
			sourceTree = "<group>";
		};
		2405E5FD1FEA498D00BAFF97 /* models */ = {
			isa = PBXGroup;
			children = (
				2405E5F91FEA497E00BAFF97 /* AFOCardStackingModel.h */,
				2405E5FA1FEA497E00BAFF97 /* AFOCardStackingModel.m */,
				249797931FE5F74C009AB645 /* AFOCardStackCollectionDataSource.h */,
				2497979B1FE5F74C009AB645 /* AFOCardStackCollectionDataSource.m */,
				24E0AE87225CE6A6009170D6 /* AFOCardStackCollectionDelegate.h */,
				24E0AE88225CE6A6009170D6 /* AFOCardStackCollectionDelegate.m */,
			);
			path = models;
			sourceTree = "<group>";
		};
		2405E5FE1FEA4A5600BAFF97 /* views */ = {
			isa = PBXGroup;
			children = (
				249797951FE5F74C009AB645 /* Layout */,
				2497979D1FE5F74C009AB645 /* AFOCardStackingController.h */,
				2497979A1FE5F74C009AB645 /* AFOCardStackingController.m */,
				249797941FE5F74C009AB645 /* AFOCardStackCollectionCell.h */,
				2497979C1FE5F74C009AB645 /* AFOCardStackCollectionCell.m */,
			);
			path = views;
			sourceTree = "<group>";
		};
		240B82C3225DE8D300F2DBA8 /* view */ = {
			isa = PBXGroup;
			children = (
				240B82BF225DE6AC00F2DBA8 /* AFOHPPlayPresenterViewDelegate.h */,
				24CC7A92225D944C00874610 /* AFOHPPlayPresenterView.h */,
				24CC7A93225D944C00874610 /* AFOHPPlayPresenterView.m */,
			);
			path = view;
			sourceTree = "<group>";
		};
		240B82C4225DE8DD00F2DBA8 /* business */ = {
			isa = PBXGroup;
			children = (
				240B82C1225DE70A00F2DBA8 /* AFOHPPlayPresenterBusinessDelegate.h */,
				24CC7A96225D945F00874610 /* AFOHPPlayPresenterBusiness.h */,
				24CC7A97225D945F00874610 /* AFOHPPlayPresenterBusiness.m */,
			);
			path = business;
			sourceTree = "<group>";
		};
		240BAB151FE1218800D58435 = {
			isa = PBXGroup;
			children = (
				240BAB211FE1218800D58435 /* AFOHomePage */,
				240BAB201FE1218800D58435 /* Products */,
				245923A51FE133E40094C3E0 /* Frameworks */,
			);
			sourceTree = "<group>";
		};
		240BAB201FE1218800D58435 /* Products */ = {
			isa = PBXGroup;
			children = (
				240BAB1F1FE1218800D58435 /* AFOHomePage.framework */,
			);
			name = Products;
			sourceTree = "<group>";
		};
		240BAB211FE1218800D58435 /* AFOHomePage */ = {
			isa = PBXGroup;
			children = (
				240BAB221FE1218800D58435 /* AFOHomePage.h */,
				245923BA1FE136BA0094C3E0 /* foreign */,
				245923B91FE136A00094C3E0 /* models */,
				24DC53AE1FE3A910005B4A4D /* views */,
				24482100225B375D00DC9207 /* presenter */,
				245923BF1FE137780094C3E0 /* AFOHomePage.pch */,
			);
			path = AFOHomePage;
			sourceTree = "<group>";
		};
		2437D9B91FF3327100E12235 /* views */ = {
			isa = PBXGroup;
			children = (
				24CA98581FE798D300CE9BB2 /* AFOHPListController.h */,
				24CA98591FE798D300CE9BB2 /* AFOHPListController.m */,
				2437D9BA1FF3329E00E12235 /* AFOHPListCell.h */,
				2437D9BB1FF3329E00E12235 /* AFOHPListCell.m */,
			);
			path = views;
			sourceTree = "<group>";
		};
		24482100225B375D00DC9207 /* presenter */ = {
			isa = PBXGroup;
			children = (
				24A0F98D225B84A8006CC24D /* AFOHPPresenterDelegate.h */,
				24482101225B379200DC9207 /* AFOHPPresenter.h */,
				24482102225B379200DC9207 /* AFOHPPresenter.m */,
			);
			path = presenter;
			sourceTree = "<group>";
		};
		245923911FE131B60094C3E0 /* controllers */ = {
			isa = PBXGroup;
			children = (
				245923931FE131E20094C3E0 /* controllers */,
				245923921FE131C70094C3E0 /* navigation */,
			);
			path = controllers;
			sourceTree = "<group>";
		};
		245923921FE131C70094C3E0 /* navigation */ = {
			isa = PBXGroup;
			children = (
				2459238D1FE131880094C3E0 /* AFOHPNavigationController.h */,
				2459238E1FE131880094C3E0 /* AFOHPNavigationController.m */,
			);
			path = navigation;
			sourceTree = "<group>";
		};
		245923931FE131E20094C3E0 /* controllers */ = {
			isa = PBXGroup;
			children = (
				24CA98561FE7989100CE9BB2 /* main */,
				24CA98571FE798A100CE9BB2 /* list */,
				24033CAA1FE904A10001DD63 /* detail */,
				24898149200F30F4008FB71D /* play */,
			);
			path = controllers;
			sourceTree = "<group>";
		};
		245923A51FE133E40094C3E0 /* Frameworks */ = {
			isa = PBXGroup;
			children = (
				24E9B143201F507300DE5673 /* AFOViews.framework */,
				24885957201ACB4700623E66 /* AFOFoundation.framework */,
				2458D6B520102D9100D2058C /* AFOGitHub.framework */,
				24033CB01FE906570001DD63 /* AFORouter.framework */,
			);
			name = Frameworks;
			sourceTree = "<group>";
		};
		245923B91FE136A00094C3E0 /* models */ = {
			isa = PBXGroup;
			children = (
				245923C01FE13E5E0094C3E0 /* AFOHPStaticString.h */,
				243A8D2D1FF0DE94004BA1CE /* AFOMPMediaQuery.h */,
				243A8D2E1FF0DE94004BA1CE /* AFOMPMediaQuery.m */,
			);
			path = models;
			sourceTree = "<group>";
		};
		245923BA1FE136BA0094C3E0 /* foreign */ = {
			isa = PBXGroup;
			children = (
				245923BB1FE1371F0094C3E0 /* AFOHPForeign.h */,
				245923BC1FE1371F0094C3E0 /* AFOHPForeign.m */,
			);
			path = foreign;
			sourceTree = "<group>";
		};
		24895593225C868D006AF82B /* presenter */ = {
			isa = PBXGroup;
			children = (
				24895594225C86CF006AF82B /* AFODetailPresenterView.h */,
				24895595225C86CF006AF82B /* AFODetailPresenterView.m */,
				24895598225C8700006AF82B /* AFODetailPresenterBusiness.h */,
				24895599225C8700006AF82B /* AFODetailPresenterBusiness.m */,
			);
			path = presenter;
			sourceTree = "<group>";
		};
		24898149200F30F4008FB71D /* play */ = {
			isa = PBXGroup;
			children = (
				2489814F200F3173008FB71D /* models */,
				2489814E200F316A008FB71D /* views */,
				24E0AE7D225CE44E009170D6 /* presenter */,
			);
			path = play;
			sourceTree = "<group>";
		};
		2489814E200F316A008FB71D /* views */ = {
			isa = PBXGroup;
			children = (
				24898155200F38DF008FB71D /* AFOHPVedioController.h */,
				24898156200F38DF008FB71D /* AFOHPVedioController.m */,
				24AF987A225E317F00CF3E97 /* play */,
			);
			path = views;
			sourceTree = "<group>";
		};
		2489814F200F3173008FB71D /* models */ = {
			isa = PBXGroup;
			children = (
				24479091200F7AD600445C62 /* AFOHPAVPlayer.h */,
				24479092200F7AD600445C62 /* AFOHPAVPlayer.m */,
				247CADC420175FB900F73A5D /* AFOHPAVPlayer+ChooseSong.h */,
				247CADC520175FB900F73A5D /* AFOHPAVPlayer+ChooseSong.m */,
			);
			path = models;
			sourceTree = "<group>";
		};
		2497978E1FE5F74C009AB645 /* cardStacking */ = {
			isa = PBXGroup;
			children = (
				2405E5FD1FEA498D00BAFF97 /* models */,
				2405E5FE1FEA4A5600BAFF97 /* views */,
				249797921FE5F74C009AB645 /* presenter */,
			);
			path = cardStacking;
			sourceTree = "<group>";
		};
		249797921FE5F74C009AB645 /* presenter */ = {
			isa = PBXGroup;
			children = (
				24E0AE7F225CE639009170D6 /* AFOCardPresenterView.h */,
				24E0AE80225CE639009170D6 /* AFOCardPresenterView.m */,
				24E0AE83225CE64C009170D6 /* AFOCardPresenterBusiness.h */,
				24E0AE84225CE64C009170D6 /* AFOCardPresenterBusiness.m */,
			);
			path = presenter;
			sourceTree = "<group>";
		};
		249797951FE5F74C009AB645 /* Layout */ = {
			isa = PBXGroup;
			children = (
				249797981FE5F74C009AB645 /* AFOCardStackDefaultLayout.h */,
				249797961FE5F74C009AB645 /* AFOCardStackDefaultLayout.m */,
				249797991FE5F74C009AB645 /* AFOCardStackSelectedLayout.h */,
				249797971FE5F74C009AB645 /* AFOCardStackSelectedLayout.m */,
			);
			path = Layout;
			sourceTree = "<group>";
		};
		24A0F984225B834B006CC24D /* presenter */ = {
			isa = PBXGroup;
			children = (
				24A0F985225B83B7006CC24D /* AFOListPresenterView.h */,
				24A0F986225B83B7006CC24D /* AFOListPresenterView.m */,
				24A0F989225B83CE006CC24D /* AFOListPresenterBusiness.h */,
				24A0F98A225B83CE006CC24D /* AFOListPresenterBusiness.m */,
			);
			path = presenter;
			sourceTree = "<group>";
		};
		24AEB7991FF1336C00F017E9 /* models */ = {
			isa = PBXGroup;
			children = (
				24CFFB321FF1F27100C1E465 /* AFOHPDetailModel.h */,
				248955A0225C91A2006AF82B /* AFOHPDetailModel.m */,
				2489559C225C87D0006AF82B /* AFOHPDetailDelegate.h */,
				2489559D225C87D0006AF82B /* AFOHPDetailDelegate.m */,
				24AEB79A1FF1338E00F017E9 /* AFOHPDetailDataSource.h */,
				24AEB79B1FF1338E00F017E9 /* AFOHPDetailDataSource.m */,
			);
			path = models;
			sourceTree = "<group>";
		};
		24AF987A225E317F00CF3E97 /* play */ = {
			isa = PBXGroup;
			children = (
				24AFA164225AE4D90054C2A6 /* AFOHPPlayerBaseView.h */,
				24AFA165225AE4D90054C2A6 /* AFOHPPlayerBaseView.m */,
				2458D6762010263900D2058C /* AFOHPPlayerView.h */,
				2458D6772010263900D2058C /* AFOHPPlayerView.m */,
			);
			path = play;
			sourceTree = "<group>";
		};
		24CA98561FE7989100CE9BB2 /* main */ = {
			isa = PBXGroup;
			children = (
				24E0AE7E225CE5F0009170D6 /* models */,
				24E0AE7C225CE413009170D6 /* views */,
				24E0AE77225CE15A009170D6 /* presenter */,
			);
			path = main;
			sourceTree = "<group>";
		};
		24CA98571FE798A100CE9BB2 /* list */ = {
			isa = PBXGroup;
			children = (
				24E41A5D1FF0F4BE00CA3285 /* models */,
				2437D9B91FF3327100E12235 /* views */,
				24A0F984225B834B006CC24D /* presenter */,
			);
			path = list;
			sourceTree = "<group>";
		};
		24CFFB361FF2008E00C1E465 /* views */ = {
			isa = PBXGroup;
			children = (
				24033CAB1FE904D80001DD63 /* AFOHPDetailController.h */,
				24033CAC1FE904D80001DD63 /* AFOHPDetailController.m */,
				24CFFB371FF200BC00C1E465 /* AFOHPDetailCell.h */,
				24CFFB381FF200BC00C1E465 /* AFOHPDetailCell.m */,
			);
			path = views;
			sourceTree = "<group>";
		};
		24DC53AE1FE3A910005B4A4D /* views */ = {
			isa = PBXGroup;
			children = (
				245923911FE131B60094C3E0 /* controllers */,
			);
			path = views;
			sourceTree = "<group>";
		};
		24E0AE77225CE15A009170D6 /* presenter */ = {
			isa = PBXGroup;
			children = (
				24E0AE78225CE18A009170D6 /* AFOMainPresenterView.h */,
				24E0AE79225CE18A009170D6 /* AFOMainPresenterView.m */,
			);
			path = presenter;
			sourceTree = "<group>";
		};
		24E0AE7C225CE413009170D6 /* views */ = {
			isa = PBXGroup;
			children = (
				245923B51FE136970094C3E0 /* AFOHPMainController.h */,
				245923B61FE136970094C3E0 /* AFOHPMainController.m */,
				2497978E1FE5F74C009AB645 /* cardStacking */,
			);
			path = views;
			sourceTree = "<group>";
		};
		24E0AE7D225CE44E009170D6 /* presenter */ = {
			isa = PBXGroup;
			children = (
				240B82C3225DE8D300F2DBA8 /* view */,
				240B82C4225DE8DD00F2DBA8 /* business */,
			);
			path = presenter;
			sourceTree = "<group>";
		};
		24E0AE7E225CE5F0009170D6 /* models */ = {
			isa = PBXGroup;
			children = (
			);
			path = models;
			sourceTree = "<group>";
		};
		24E41A5D1FF0F4BE00CA3285 /* models */ = {
			isa = PBXGroup;
			children = (
				24CFFB2E1FF1EEDB00C1E465 /* AFOHPListModel.h */,
				24CFFB2F1FF1EEDB00C1E465 /* AFOHPListModel.m */,
				24E41A5E1FF0F4FB00CA3285 /* AFOHPListDataSource.h */,
				24AEB79E1FF133D100F017E9 /* AFOHPListDataSource.m */,
				2489558F225C7098006AF82B /* AFOHPListDelegate.h */,
				24895590225C7098006AF82B /* AFOHPListDelegate.m */,
			);
			path = models;
			sourceTree = "<group>";
		};
/* End PBXGroup section */

/* Begin PBXHeadersBuildPhase section */
		240BAB1C1FE1218800D58435 /* Headers */ = {
			isa = PBXHeadersBuildPhase;
			buildActionMask = 2147483647;
			files = (
				240B82C0225DE6AC00F2DBA8 /* AFOHPPlayPresenterViewDelegate.h in Headers */,
				249797A01FE5F74C009AB645 /* AFOCardStackCollectionDataSource.h in Headers */,
				24895591225C7098006AF82B /* AFOHPListDelegate.h in Headers */,
				24CFFB341FF1F27100C1E465 /* AFOHPDetailModel.h in Headers */,
				243A8D2F1FF0DE94004BA1CE /* AFOMPMediaQuery.h in Headers */,
				24CA985A1FE798D300CE9BB2 /* AFOHPListController.h in Headers */,
				24A0F987225B83B7006CC24D /* AFOListPresenterView.h in Headers */,
				2458D6782010263900D2058C /* AFOHPPlayerView.h in Headers */,
				24A0F98B225B83CE006CC24D /* AFOListPresenterBusiness.h in Headers */,
				240BAB241FE1218800D58435 /* AFOHomePage.h in Headers */,
				247CADC620175FB900F73A5D /* AFOHPAVPlayer+ChooseSong.h in Headers */,
				24A0F98E225B84A8006CC24D /* AFOHPPresenterDelegate.h in Headers */,
				24033CAD1FE904D80001DD63 /* AFOHPDetailController.h in Headers */,
				2489559A225C8700006AF82B /* AFODetailPresenterBusiness.h in Headers */,
				24482103225B379200DC9207 /* AFOHPPresenter.h in Headers */,
				24AFA166225AE4D90054C2A6 /* AFOHPPlayerBaseView.h in Headers */,
				24895596225C86CF006AF82B /* AFODetailPresenterView.h in Headers */,
				24CC7A98225D945F00874610 /* AFOHPPlayPresenterBusiness.h in Headers */,
				2405E5FB1FEA497E00BAFF97 /* AFOCardStackingModel.h in Headers */,
				24AEB79C1FF1338E00F017E9 /* AFOHPDetailDataSource.h in Headers */,
				249797A41FE5F74C009AB645 /* AFOCardStackDefaultLayout.h in Headers */,
				249797A51FE5F74C009AB645 /* AFOCardStackSelectedLayout.h in Headers */,
				24898157200F38DF008FB71D /* AFOHPVedioController.h in Headers */,
				24E0AE89225CE6A6009170D6 /* AFOCardStackCollectionDelegate.h in Headers */,
				245923BD1FE1371F0094C3E0 /* AFOHPForeign.h in Headers */,
				240B82C2225DE70A00F2DBA8 /* AFOHPPlayPresenterBusinessDelegate.h in Headers */,
				24CFFB391FF200BC00C1E465 /* AFOHPDetailCell.h in Headers */,
				249797A91FE5F74C009AB645 /* AFOCardStackingController.h in Headers */,
				24CFFB301FF1EEDB00C1E465 /* AFOHPListModel.h in Headers */,
				24E41A601FF0F4FB00CA3285 /* AFOHPListDataSource.h in Headers */,
				2437D9BC1FF3329E00E12235 /* AFOHPListCell.h in Headers */,
				245923B71FE136970094C3E0 /* AFOHPMainController.h in Headers */,
				24CC7A94225D944C00874610 /* AFOHPPlayPresenterView.h in Headers */,
				24E0AE81225CE639009170D6 /* AFOCardPresenterView.h in Headers */,
				24E0AE7A225CE18A009170D6 /* AFOMainPresenterView.h in Headers */,
				24E0AE85225CE64C009170D6 /* AFOCardPresenterBusiness.h in Headers */,
				2489559E225C87D0006AF82B /* AFOHPDetailDelegate.h in Headers */,
				249797A11FE5F74C009AB645 /* AFOCardStackCollectionCell.h in Headers */,
				2459238F1FE131880094C3E0 /* AFOHPNavigationController.h in Headers */,
				245923C11FE13E5E0094C3E0 /* AFOHPStaticString.h in Headers */,
				24479093200F7AD600445C62 /* AFOHPAVPlayer.h in Headers */,
			);
			runOnlyForDeploymentPostprocessing = 0;
		};
/* End PBXHeadersBuildPhase section */

/* Begin PBXNativeTarget section */
		240BAB1E1FE1218800D58435 /* AFOHomePage */ = {
			isa = PBXNativeTarget;
			buildConfigurationList = 240BAB271FE1218800D58435 /* Build configuration list for PBXNativeTarget "AFOHomePage" */;
			buildPhases = (
				240BAB1A1FE1218800D58435 /* Sources */,
				240BAB1B1FE1218800D58435 /* Frameworks */,
				240BAB1C1FE1218800D58435 /* Headers */,
				240BAB1D1FE1218800D58435 /* Resources */,
				24033CB11FE9065B0001DD63 /* CopyFiles */,
			);
			buildRules = (
			);
			dependencies = (
			);
			name = AFOHomePage;
			productName = AFOHomePage;
			productReference = 240BAB1F1FE1218800D58435 /* AFOHomePage.framework */;
			productType = "com.apple.product-type.framework";
		};
/* End PBXNativeTarget section */

/* Begin PBXProject section */
		240BAB161FE1218800D58435 /* Project object */ = {
			isa = PBXProject;
			attributes = {
				LastUpgradeCheck = 1020;
				ORGANIZATIONNAME = AFO;
				TargetAttributes = {
					240BAB1E1FE1218800D58435 = {
						CreatedOnToolsVersion = 9.2;
						ProvisioningStyle = Automatic;
					};
				};
			};
			buildConfigurationList = 240BAB191FE1218800D58435 /* Build configuration list for PBXProject "AFOHomePage" */;
			compatibilityVersion = "Xcode 8.0";
			developmentRegion = en;
			hasScannedForEncodings = 0;
			knownRegions = (
				en,
				Base,
			);
			mainGroup = 240BAB151FE1218800D58435;
			productRefGroup = 240BAB201FE1218800D58435 /* Products */;
			projectDirPath = "";
			projectRoot = "";
			targets = (
				240BAB1E1FE1218800D58435 /* AFOHomePage */,
			);
		};
/* End PBXProject section */

/* Begin PBXResourcesBuildPhase section */
		240BAB1D1FE1218800D58435 /* Resources */ = {
			isa = PBXResourcesBuildPhase;
			buildActionMask = 2147483647;
			files = (
			);
			runOnlyForDeploymentPostprocessing = 0;
		};
/* End PBXResourcesBuildPhase section */

/* Begin PBXSourcesBuildPhase section */
		240BAB1A1FE1218800D58435 /* Sources */ = {
			isa = PBXSourcesBuildPhase;
			buildActionMask = 2147483647;
			files = (
				24479094200F7AD600445C62 /* AFOHPAVPlayer.m in Sources */,
				24482104225B379200DC9207 /* AFOHPPresenter.m in Sources */,
				245923BE1FE1371F0094C3E0 /* AFOHPForeign.m in Sources */,
				2405E5FC1FEA497E00BAFF97 /* AFOCardStackingModel.m in Sources */,
				24E0AE82225CE639009170D6 /* AFOCardPresenterView.m in Sources */,
				2489559B225C8700006AF82B /* AFODetailPresenterBusiness.m in Sources */,
				249797A81FE5F74C009AB645 /* AFOCardStackCollectionCell.m in Sources */,
				249797A21FE5F74C009AB645 /* AFOCardStackDefaultLayout.m in Sources */,
				24E0AE7B225CE18A009170D6 /* AFOMainPresenterView.m in Sources */,
				24A0F988225B83B7006CC24D /* AFOListPresenterView.m in Sources */,
				24E0AE8A225CE6A6009170D6 /* AFOCardStackCollectionDelegate.m in Sources */,
				24AEB79D1FF1338E00F017E9 /* AFOHPDetailDataSource.m in Sources */,
				243A8D301FF0DE94004BA1CE /* AFOMPMediaQuery.m in Sources */,
				2489559F225C87D0006AF82B /* AFOHPDetailDelegate.m in Sources */,
				24CFFB3A1FF200BC00C1E465 /* AFOHPDetailCell.m in Sources */,
				24895592225C7098006AF82B /* AFOHPListDelegate.m in Sources */,
				24CA985B1FE798D300CE9BB2 /* AFOHPListController.m in Sources */,
				24895597225C86CF006AF82B /* AFODetailPresenterView.m in Sources */,
				249797A71FE5F74C009AB645 /* AFOCardStackCollectionDataSource.m in Sources */,
				24CC7A95225D944C00874610 /* AFOHPPlayPresenterView.m in Sources */,
				24AEB79F1FF133D100F017E9 /* AFOHPListDataSource.m in Sources */,
				245923901FE131880094C3E0 /* AFOHPNavigationController.m in Sources */,
				24A0F98C225B83CE006CC24D /* AFOListPresenterBusiness.m in Sources */,
				24CC7A99225D945F00874610 /* AFOHPPlayPresenterBusiness.m in Sources */,
				24AFA167225AE4D90054C2A6 /* AFOHPPlayerBaseView.m in Sources */,
				248955A1225C91A2006AF82B /* AFOHPDetailModel.m in Sources */,
				24898158200F38DF008FB71D /* AFOHPVedioController.m in Sources */,
				2458D6792010263900D2058C /* AFOHPPlayerView.m in Sources */,
				24CFFB311FF1EEDB00C1E465 /* AFOHPListModel.m in Sources */,
				24E0AE86225CE64C009170D6 /* AFOCardPresenterBusiness.m in Sources */,
				249797A31FE5F74C009AB645 /* AFOCardStackSelectedLayout.m in Sources */,
				247CADC720175FB900F73A5D /* AFOHPAVPlayer+ChooseSong.m in Sources */,
				249797A61FE5F74C009AB645 /* AFOCardStackingController.m in Sources */,
				245923B81FE136970094C3E0 /* AFOHPMainController.m in Sources */,
				24033CAE1FE904D80001DD63 /* AFOHPDetailController.m in Sources */,
				2437D9BD1FF3329E00E12235 /* AFOHPListCell.m in Sources */,
			);
			runOnlyForDeploymentPostprocessing = 0;
		};
/* End PBXSourcesBuildPhase section */

/* Begin XCBuildConfiguration section */
		240BAB251FE1218800D58435 /* Debug */ = {
			isa = XCBuildConfiguration;
			buildSettings = {
				ALWAYS_SEARCH_USER_PATHS = NO;
				CLANG_ANALYZER_NONNULL = YES;
				CLANG_ANALYZER_NUMBER_OBJECT_CONVERSION = YES_AGGRESSIVE;
				CLANG_CXX_LANGUAGE_STANDARD = "gnu++14";
				CLANG_CXX_LIBRARY = "libc++";
				CLANG_ENABLE_MODULES = YES;
				CLANG_ENABLE_OBJC_ARC = YES;
				CLANG_WARN_BLOCK_CAPTURE_AUTORELEASING = YES;
				CLANG_WARN_BOOL_CONVERSION = YES;
				CLANG_WARN_COMMA = YES;
				CLANG_WARN_CONSTANT_CONVERSION = YES;
				CLANG_WARN_DEPRECATED_OBJC_IMPLEMENTATIONS = YES;
				CLANG_WARN_DIRECT_OBJC_ISA_USAGE = YES_ERROR;
				CLANG_WARN_DOCUMENTATION_COMMENTS = YES;
				CLANG_WARN_EMPTY_BODY = YES;
				CLANG_WARN_ENUM_CONVERSION = YES;
				CLANG_WARN_INFINITE_RECURSION = YES;
				CLANG_WARN_INT_CONVERSION = YES;
				CLANG_WARN_NON_LITERAL_NULL_CONVERSION = YES;
				CLANG_WARN_OBJC_IMPLICIT_RETAIN_SELF = YES;
				CLANG_WARN_OBJC_LITERAL_CONVERSION = YES;
				CLANG_WARN_OBJC_ROOT_CLASS = YES_ERROR;
				CLANG_WARN_RANGE_LOOP_ANALYSIS = YES;
				CLANG_WARN_STRICT_PROTOTYPES = YES;
				CLANG_WARN_SUSPICIOUS_MOVE = YES;
				CLANG_WARN_UNGUARDED_AVAILABILITY = YES_AGGRESSIVE;
				CLANG_WARN_UNREACHABLE_CODE = YES;
				CLANG_WARN__DUPLICATE_METHOD_MATCH = YES;
				CODE_SIGN_IDENTITY = "iPhone Developer";
				COPY_PHASE_STRIP = NO;
				CURRENT_PROJECT_VERSION = 1;
				DEBUG_INFORMATION_FORMAT = dwarf;
				ENABLE_STRICT_OBJC_MSGSEND = YES;
				ENABLE_TESTABILITY = YES;
				GCC_C_LANGUAGE_STANDARD = gnu11;
				GCC_DYNAMIC_NO_PIC = NO;
				GCC_NO_COMMON_BLOCKS = YES;
				GCC_OPTIMIZATION_LEVEL = 0;
				GCC_PREPROCESSOR_DEFINITIONS = (
					"DEBUG=1",
					"$(inherited)",
				);
				GCC_WARN_64_TO_32_BIT_CONVERSION = YES;
				GCC_WARN_ABOUT_RETURN_TYPE = YES_ERROR;
				GCC_WARN_UNDECLARED_SELECTOR = YES;
				GCC_WARN_UNINITIALIZED_AUTOS = YES_AGGRESSIVE;
				GCC_WARN_UNUSED_FUNCTION = YES;
				GCC_WARN_UNUSED_VARIABLE = YES;
				IPHONEOS_DEPLOYMENT_TARGET = 8.0;
				MTL_ENABLE_DEBUG_INFO = YES;
				ONLY_ACTIVE_ARCH = YES;
				SDKROOT = iphoneos;
				VERSIONING_SYSTEM = "apple-generic";
				VERSION_INFO_PREFIX = "";
			};
			name = Debug;
		};
		240BAB261FE1218800D58435 /* Release */ = {
			isa = XCBuildConfiguration;
			buildSettings = {
				ALWAYS_SEARCH_USER_PATHS = NO;
				CLANG_ANALYZER_NONNULL = YES;
				CLANG_ANALYZER_NUMBER_OBJECT_CONVERSION = YES_AGGRESSIVE;
				CLANG_CXX_LANGUAGE_STANDARD = "gnu++14";
				CLANG_CXX_LIBRARY = "libc++";
				CLANG_ENABLE_MODULES = YES;
				CLANG_ENABLE_OBJC_ARC = YES;
				CLANG_WARN_BLOCK_CAPTURE_AUTORELEASING = YES;
				CLANG_WARN_BOOL_CONVERSION = YES;
				CLANG_WARN_COMMA = YES;
				CLANG_WARN_CONSTANT_CONVERSION = YES;
				CLANG_WARN_DEPRECATED_OBJC_IMPLEMENTATIONS = YES;
				CLANG_WARN_DIRECT_OBJC_ISA_USAGE = YES_ERROR;
				CLANG_WARN_DOCUMENTATION_COMMENTS = YES;
				CLANG_WARN_EMPTY_BODY = YES;
				CLANG_WARN_ENUM_CONVERSION = YES;
				CLANG_WARN_INFINITE_RECURSION = YES;
				CLANG_WARN_INT_CONVERSION = YES;
				CLANG_WARN_NON_LITERAL_NULL_CONVERSION = YES;
				CLANG_WARN_OBJC_IMPLICIT_RETAIN_SELF = YES;
				CLANG_WARN_OBJC_LITERAL_CONVERSION = YES;
				CLANG_WARN_OBJC_ROOT_CLASS = YES_ERROR;
				CLANG_WARN_RANGE_LOOP_ANALYSIS = YES;
				CLANG_WARN_STRICT_PROTOTYPES = YES;
				CLANG_WARN_SUSPICIOUS_MOVE = YES;
				CLANG_WARN_UNGUARDED_AVAILABILITY = YES_AGGRESSIVE;
				CLANG_WARN_UNREACHABLE_CODE = YES;
				CLANG_WARN__DUPLICATE_METHOD_MATCH = YES;
				CODE_SIGN_IDENTITY = "iPhone Developer";
				COPY_PHASE_STRIP = NO;
				CURRENT_PROJECT_VERSION = 1;
				DEBUG_INFORMATION_FORMAT = "dwarf-with-dsym";
				ENABLE_NS_ASSERTIONS = NO;
				ENABLE_STRICT_OBJC_MSGSEND = YES;
				GCC_C_LANGUAGE_STANDARD = gnu11;
				GCC_NO_COMMON_BLOCKS = YES;
				GCC_WARN_64_TO_32_BIT_CONVERSION = YES;
				GCC_WARN_ABOUT_RETURN_TYPE = YES_ERROR;
				GCC_WARN_UNDECLARED_SELECTOR = YES;
				GCC_WARN_UNINITIALIZED_AUTOS = YES_AGGRESSIVE;
				GCC_WARN_UNUSED_FUNCTION = YES;
				GCC_WARN_UNUSED_VARIABLE = YES;
				IPHONEOS_DEPLOYMENT_TARGET = 8.0;
				MTL_ENABLE_DEBUG_INFO = NO;
				SDKROOT = iphoneos;
				VALIDATE_PRODUCT = YES;
				VERSIONING_SYSTEM = "apple-generic";
				VERSION_INFO_PREFIX = "";
			};
			name = Release;
		};
		240BAB281FE1218800D58435 /* Debug */ = {
			isa = XCBuildConfiguration;
			buildSettings = {
				CODE_SIGN_IDENTITY = "";
				CODE_SIGN_STYLE = Automatic;
				DEAD_CODE_STRIPPING = NO;
				DEFINES_MODULE = YES;
				DEVELOPMENT_TEAM = 7XP5ZBK9EN;
				DYLIB_COMPATIBILITY_VERSION = 1;
				DYLIB_CURRENT_VERSION = 1;
				DYLIB_INSTALL_NAME_BASE = "@rpath";
				ENABLE_BITCODE = NO;
				FRAMEWORK_SEARCH_PATHS = (
					"$(inherited)",
					"$(PROJECT_DIR)/AFOHomePage",
				);
				GCC_PREFIX_HEADER = "$(SRCROOT)/AFOHomePage/AFOHomePage.pch";
				HEADER_SEARCH_PATHS = "";
				INFOPLIST_FILE = "";
				INSTALL_PATH = "$(LOCAL_LIBRARY_DIR)/Frameworks";
				LD_RUNPATH_SEARCH_PATHS = "$(inherited) @executable_path/Frameworks @loader_path/Frameworks";
				MACH_O_TYPE = staticlib;
				OTHER_LDFLAGS = "-all_load";
				PRODUCT_BUNDLE_IDENTIFIER = com.youku.AFOHomePage;
				PRODUCT_NAME = "$(TARGET_NAME:c99extidentifier)";
				SKIP_INSTALL = YES;
				TARGETED_DEVICE_FAMILY = "1,2";
			};
			name = Debug;
		};
		240BAB291FE1218800D58435 /* Release */ = {
			isa = XCBuildConfiguration;
			buildSettings = {
				CODE_SIGN_IDENTITY = "";
				CODE_SIGN_STYLE = Automatic;
				DEAD_CODE_STRIPPING = NO;
				DEFINES_MODULE = YES;
				DEVELOPMENT_TEAM = 7XP5ZBK9EN;
				DYLIB_COMPATIBILITY_VERSION = 1;
				DYLIB_CURRENT_VERSION = 1;
				DYLIB_INSTALL_NAME_BASE = "@rpath";
				ENABLE_BITCODE = NO;
				FRAMEWORK_SEARCH_PATHS = (
					"$(inherited)",
					"$(PROJECT_DIR)/AFOHomePage",
				);
				GCC_PREFIX_HEADER = "$(SRCROOT)/AFOHomePage/AFOHomePage.pch";
				HEADER_SEARCH_PATHS = "";
				INFOPLIST_FILE = "";
				INSTALL_PATH = "$(LOCAL_LIBRARY_DIR)/Frameworks";
				LD_RUNPATH_SEARCH_PATHS = "$(inherited) @executable_path/Frameworks @loader_path/Frameworks";
				MACH_O_TYPE = staticlib;
				OTHER_LDFLAGS = "-all_load";
				PRODUCT_BUNDLE_IDENTIFIER = com.youku.AFOHomePage;
				PRODUCT_NAME = "$(TARGET_NAME:c99extidentifier)";
				SKIP_INSTALL = YES;
				TARGETED_DEVICE_FAMILY = "1,2";
			};
			name = Release;
		};
/* End XCBuildConfiguration section */

/* Begin XCConfigurationList section */
		240BAB191FE1218800D58435 /* Build configuration list for PBXProject "AFOHomePage" */ = {
			isa = XCConfigurationList;
			buildConfigurations = (
				240BAB251FE1218800D58435 /* Debug */,
				240BAB261FE1218800D58435 /* Release */,
			);
			defaultConfigurationIsVisible = 0;
			defaultConfigurationName = Release;
		};
		240BAB271FE1218800D58435 /* Build configuration list for PBXNativeTarget "AFOHomePage" */ = {
			isa = XCConfigurationList;
			buildConfigurations = (
				240BAB281FE1218800D58435 /* Debug */,
				240BAB291FE1218800D58435 /* Release */,
			);
			defaultConfigurationIsVisible = 0;
			defaultConfigurationName = Release;
		};
/* End XCConfigurationList section */
	};
	rootObject = 240BAB161FE1218800D58435 /* Project object */;
}
