// !$*UTF8*$!
{
	archiveVersion = 1;
	classes = {
	};
	objectVersion = 48;
	objects = {

/* Begin PBXBuildFile section */
		242F456A201C73C000830BF3 /* AFOViews.h in Headers */ = {isa = PBXBuildFile; fileRef = 242F4568201C73C000830BF3 /* AFOViews.h */; settings = {ATTRIBUTES = (Public, ); }; };
		242F4573201C743100830BF3 /* AFOProgressSlider.h in Headers */ = {isa = PBXBuildFile; fileRef = 242F4571201C743100830BF3 /* AFOProgressSlider.h */; settings = {ATTRIBUTES = (Public, ); }; };
		242F4574201C743100830BF3 /* AFOProgressSlider.m in Sources */ = {isa = PBXBuildFile; fileRef = 242F4572201C743100830BF3 /* AFOProgressSlider.m */; };
		24CD24C8201D73C600ADB2FE /* AFOProgressSliderManager.h in Headers */ = {isa = PBXBuildFile; fileRef = 24CD24C6201D73C600ADB2FE /* AFOProgressSliderManager.h */; settings = {ATTRIBUTES = (Public, ); }; };
		24CD24C9201D73C600ADB2FE /* AFOProgressSliderManager.m in Sources */ = {isa = PBXBuildFile; fileRef = 24CD24C7201D73C600ADB2FE /* AFOProgressSliderManager.m */; };
/* End PBXBuildFile section */

/* Begin PBXFileReference section */
		242F4565201C73C000830BF3 /* AFOViews.framework */ = {isa = PBXFileReference; explicitFileType = wrapper.framework; includeInIndex = 0; path = AFOViews.framework; sourceTree = BUILT_PRODUCTS_DIR; };
		242F4568201C73C000830BF3 /* AFOViews.h */ = {isa = PBXFileReference; lastKnownFileType = sourcecode.c.h; path = AFOViews.h; sourceTree = "<group>"; };
		242F4571201C743100830BF3 /* AFOProgressSlider.h */ = {isa = PBXFileReference; fileEncoding = 4; lastKnownFileType = sourcecode.c.h; path = AFOProgressSlider.h; sourceTree = "<group>"; };
		242F4572201C743100830BF3 /* AFOProgressSlider.m */ = {isa = PBXFileReference; fileEncoding = 4; lastKnownFileType = sourcecode.c.objc; path = AFOProgressSlider.m; sourceTree = "<group>"; };
		24CD24C6201D73C600ADB2FE /* AFOProgressSliderManager.h */ = {isa = PBXFileReference; lastKnownFileType = sourcecode.c.h; path = AFOProgressSliderManager.h; sourceTree = "<group>"; };
		24CD24C7201D73C600ADB2FE /* AFOProgressSliderManager.m */ = {isa = PBXFileReference; lastKnownFileType = sourcecode.c.objc; path = AFOProgressSliderManager.m; sourceTree = "<group>"; };
/* End PBXFileReference section */

/* Begin PBXFrameworksBuildPhase section */
		242F4561201C73C000830BF3 /* Frameworks */ = {
			isa = PBXFrameworksBuildPhase;
			buildActionMask = 2147483647;
			files = (
			);
			runOnlyForDeploymentPostprocessing = 0;
		};
/* End PBXFrameworksBuildPhase section */

/* Begin PBXGroup section */
		242F455B201C73C000830BF3 = {
			isa = PBXGroup;
			children = (
				242F4567201C73C000830BF3 /* AFOViews */,
				242F4566201C73C000830BF3 /* Products */,
			);
			sourceTree = "<group>";
		};
		242F4566201C73C000830BF3 /* Products */ = {
			isa = PBXGroup;
			children = (
				242F4565201C73C000830BF3 /* AFOViews.framework */,
			);
			name = Products;
			sourceTree = "<group>";
		};
		242F4567201C73C000830BF3 /* AFOViews */ = {
			isa = PBXGroup;
			children = (
				242F4568201C73C000830BF3 /* AFOViews.h */,
				242F4570201C740900830BF3 /* progressSlider */,
			);
			path = AFOViews;
			sourceTree = "<group>";
		};
		242F4570201C740900830BF3 /* progressSlider */ = {
			isa = PBXGroup;
			children = (
				24CD24C6201D73C600ADB2FE /* AFOProgressSliderManager.h */,
				24CD24C7201D73C600ADB2FE /* AFOProgressSliderManager.m */,
				242F4571201C743100830BF3 /* AFOProgressSlider.h */,
				242F4572201C743100830BF3 /* AFOProgressSlider.m */,
			);
			path = progressSlider;
			sourceTree = "<group>";
		};
/* End PBXGroup section */

/* Begin PBXHeadersBuildPhase section */
		242F4562201C73C000830BF3 /* Headers */ = {
			isa = PBXHeadersBuildPhase;
			buildActionMask = 2147483647;
			files = (
				242F456A201C73C000830BF3 /* AFOViews.h in Headers */,
				24CD24C8201D73C600ADB2FE /* AFOProgressSliderManager.h in Headers */,
				242F4573201C743100830BF3 /* AFOProgressSlider.h in Headers */,
			);
			runOnlyForDeploymentPostprocessing = 0;
		};
/* End PBXHeadersBuildPhase section */

/* Begin PBXNativeTarget section */
		242F4564201C73C000830BF3 /* AFOViews */ = {
			isa = PBXNativeTarget;
			buildConfigurationList = 242F456D201C73C000830BF3 /* Build configuration list for PBXNativeTarget "AFOViews" */;
			buildPhases = (
				242F4560201C73C000830BF3 /* Sources */,
				242F4561201C73C000830BF3 /* Frameworks */,
				242F4562201C73C000830BF3 /* Headers */,
				242F4563201C73C000830BF3 /* Resources */,
			);
			buildRules = (
			);
			dependencies = (
			);
			name = AFOViews;
			productName = AFOViews;
			productReference = 242F4565201C73C000830BF3 /* AFOViews.framework */;
			productType = "com.apple.product-type.framework";
		};
/* End PBXNativeTarget section */

/* Begin PBXProject section */
		242F455C201C73C000830BF3 /* Project object */ = {
			isa = PBXProject;
			attributes = {
				LastUpgradeCheck = 0920;
				ORGANIZATIONNAME = "AFO Science Technology Ltd";
				TargetAttributes = {
					242F4564201C73C000830BF3 = {
						CreatedOnToolsVersion = 9.2;
						ProvisioningStyle = Automatic;
					};
				};
			};
			buildConfigurationList = 242F455F201C73C000830BF3 /* Build configuration list for PBXProject "AFOViews" */;
			compatibilityVersion = "Xcode 8.0";
			developmentRegion = en;
			hasScannedForEncodings = 0;
			knownRegions = (
				en,
			);
			mainGroup = 242F455B201C73C000830BF3;
			productRefGroup = 242F4566201C73C000830BF3 /* Products */;
			projectDirPath = "";
			projectRoot = "";
			targets = (
				242F4564201C73C000830BF3 /* AFOViews */,
			);
		};
/* End PBXProject section */

/* Begin PBXResourcesBuildPhase section */
		242F4563201C73C000830BF3 /* Resources */ = {
			isa = PBXResourcesBuildPhase;
			buildActionMask = 2147483647;
			files = (
			);
			runOnlyForDeploymentPostprocessing = 0;
		};
/* End PBXResourcesBuildPhase section */

/* Begin PBXSourcesBuildPhase section */
		242F4560201C73C000830BF3 /* Sources */ = {
			isa = PBXSourcesBuildPhase;
			buildActionMask = 2147483647;
			files = (
				24CD24C9201D73C600ADB2FE /* AFOProgressSliderManager.m in Sources */,
				242F4574201C743100830BF3 /* AFOProgressSlider.m in Sources */,
			);
			runOnlyForDeploymentPostprocessing = 0;
		};
/* End PBXSourcesBuildPhase section */

/* Begin XCBuildConfiguration section */
		242F456B201C73C000830BF3 /* Debug */ = {
			isa = XCBuildConfiguration;
			buildSettings = {
				ALWAYS_SEARCH_USER_PATHS = NO;
				CLANG_ANALYZER_NONNULL = YES;
				CLANG_ANALYZER_NUMBER_OBJECT_CONVERSION = YES_AGGRESSIVE;
				CLANG_CXX_LANGUAGE_STANDARD = "gnu++14";
				CLANG_CXX_LIBRARY = "libc++";
				CLANG_ENABLE_MODULES = YES;
				CLANG_ENABLE_OBJC_ARC = YES;
				CLANG_WARN_BLOCK_CAPTURE_AUTORELEASING = YES;
				CLANG_WARN_BOOL_CONVERSION = YES;
				CLANG_WARN_COMMA = YES;
				CLANG_WARN_CONSTANT_CONVERSION = YES;
				CLANG_WARN_DIRECT_OBJC_ISA_USAGE = YES_ERROR;
				CLANG_WARN_DOCUMENTATION_COMMENTS = YES;
				CLANG_WARN_EMPTY_BODY = YES;
				CLANG_WARN_ENUM_CONVERSION = YES;
				CLANG_WARN_INFINITE_RECURSION = YES;
				CLANG_WARN_INT_CONVERSION = YES;
				CLANG_WARN_NON_LITERAL_NULL_CONVERSION = YES;
				CLANG_WARN_OBJC_LITERAL_CONVERSION = YES;
				CLANG_WARN_OBJC_ROOT_CLASS = YES_ERROR;
				CLANG_WARN_RANGE_LOOP_ANALYSIS = YES;
				CLANG_WARN_STRICT_PROTOTYPES = YES;
				CLANG_WARN_SUSPICIOUS_MOVE = YES;
				CLANG_WARN_UNGUARDED_AVAILABILITY = YES_AGGRESSIVE;
				CLANG_WARN_UNREACHABLE_CODE = YES;
				CLANG_WARN__DUPLICATE_METHOD_MATCH = YES;
				CODE_SIGN_IDENTITY = "iPhone Developer";
				COPY_PHASE_STRIP = NO;
				CURRENT_PROJECT_VERSION = 1;
				DEBUG_INFORMATION_FORMAT = dwarf;
				ENABLE_STRICT_OBJC_MSGSEND = YES;
				ENABLE_TESTABILITY = YES;
				GCC_C_LANGUAGE_STANDARD = gnu11;
				GCC_DYNAMIC_NO_PIC = NO;
				GCC_NO_COMMON_BLOCKS = YES;
				GCC_OPTIMIZATION_LEVEL = 0;
				GCC_PREPROCESSOR_DEFINITIONS = (
					"DEBUG=1",
					"$(inherited)",
				);
				GCC_WARN_64_TO_32_BIT_CONVERSION = YES;
				GCC_WARN_ABOUT_RETURN_TYPE = YES_ERROR;
				GCC_WARN_UNDECLARED_SELECTOR = YES;
				GCC_WARN_UNINITIALIZED_AUTOS = YES_AGGRESSIVE;
				GCC_WARN_UNUSED_FUNCTION = YES;
				GCC_WARN_UNUSED_VARIABLE = YES;
				IPHONEOS_DEPLOYMENT_TARGET = 8.0;
				MTL_ENABLE_DEBUG_INFO = YES;
				ONLY_ACTIVE_ARCH = YES;
				SDKROOT = iphoneos;
				VERSIONING_SYSTEM = "apple-generic";
				VERSION_INFO_PREFIX = "";
			};
			name = Debug;
		};
		242F456C201C73C000830BF3 /* Release */ = {
			isa = XCBuildConfiguration;
			buildSettings = {
				ALWAYS_SEARCH_USER_PATHS = NO;
				CLANG_ANALYZER_NONNULL = YES;
				CLANG_ANALYZER_NUMBER_OBJECT_CONVERSION = YES_AGGRESSIVE;
				CLANG_CXX_LANGUAGE_STANDARD = "gnu++14";
				CLANG_CXX_LIBRARY = "libc++";
				CLANG_ENABLE_MODULES = YES;
				CLANG_ENABLE_OBJC_ARC = YES;
				CLANG_WARN_BLOCK_CAPTURE_AUTORELEASING = YES;
				CLANG_WARN_BOOL_CONVERSION = YES;
				CLANG_WARN_COMMA = YES;
				CLANG_WARN_CONSTANT_CONVERSION = YES;
				CLANG_WARN_DIRECT_OBJC_ISA_USAGE = YES_ERROR;
				CLANG_WARN_DOCUMENTATION_COMMENTS = YES;
				CLANG_WARN_EMPTY_BODY = YES;
				CLANG_WARN_ENUM_CONVERSION = YES;
				CLANG_WARN_INFINITE_RECURSION = YES;
				CLANG_WARN_INT_CONVERSION = YES;
				CLANG_WARN_NON_LITERAL_NULL_CONVERSION = YES;
				CLANG_WARN_OBJC_LITERAL_CONVERSION = YES;
				CLANG_WARN_OBJC_ROOT_CLASS = YES_ERROR;
				CLANG_WARN_RANGE_LOOP_ANALYSIS = YES;
				CLANG_WARN_STRICT_PROTOTYPES = YES;
				CLANG_WARN_SUSPICIOUS_MOVE = YES;
				CLANG_WARN_UNGUARDED_AVAILABILITY = YES_AGGRESSIVE;
				CLANG_WARN_UNREACHABLE_CODE = YES;
				CLANG_WARN__DUPLICATE_METHOD_MATCH = YES;
				CODE_SIGN_IDENTITY = "iPhone Developer";
				COPY_PHASE_STRIP = NO;
				CURRENT_PROJECT_VERSION = 1;
				DEBUG_INFORMATION_FORMAT = "dwarf-with-dsym";
				ENABLE_NS_ASSERTIONS = NO;
				ENABLE_STRICT_OBJC_MSGSEND = YES;
				GCC_C_LANGUAGE_STANDARD = gnu11;
				GCC_NO_COMMON_BLOCKS = YES;
				GCC_WARN_64_TO_32_BIT_CONVERSION = YES;
				GCC_WARN_ABOUT_RETURN_TYPE = YES_ERROR;
				GCC_WARN_UNDECLARED_SELECTOR = YES;
				GCC_WARN_UNINITIALIZED_AUTOS = YES_AGGRESSIVE;
				GCC_WARN_UNUSED_FUNCTION = YES;
				GCC_WARN_UNUSED_VARIABLE = YES;
				IPHONEOS_DEPLOYMENT_TARGET = 8.0;
				MTL_ENABLE_DEBUG_INFO = NO;
				SDKROOT = iphoneos;
				VALIDATE_PRODUCT = YES;
				VERSIONING_SYSTEM = "apple-generic";
				VERSION_INFO_PREFIX = "";
			};
			name = Release;
		};
		242F456E201C73C000830BF3 /* Debug */ = {
			isa = XCBuildConfiguration;
			buildSettings = {
				CODE_SIGN_IDENTITY = "";
				CODE_SIGN_STYLE = Automatic;
				DEFINES_MODULE = YES;
				DEVELOPMENT_TEAM = 7XP5ZBK9EN;
				DYLIB_COMPATIBILITY_VERSION = 1;
				DYLIB_CURRENT_VERSION = 1;
				DYLIB_INSTALL_NAME_BASE = "@rpath";
				ENABLE_BITCODE = NO;
				INFOPLIST_FILE = "";
				INSTALL_PATH = "$(LOCAL_LIBRARY_DIR)/Frameworks";
				LD_RUNPATH_SEARCH_PATHS = "$(inherited) @executable_path/Frameworks @loader_path/Frameworks";
				MACH_O_TYPE = staticlib;
				OTHER_LDFLAGS = (
					"-Objc",
					"-all_load",
				);
				PRODUCT_BUNDLE_IDENTIFIER = com.youku.AFOViews;
				PRODUCT_NAME = "$(TARGET_NAME:c99extidentifier)";
				SKIP_INSTALL = YES;
				TARGETED_DEVICE_FAMILY = "1,2";
			};
			name = Debug;
		};
		242F456F201C73C000830BF3 /* Release */ = {
			isa = XCBuildConfiguration;
			buildSettings = {
				CODE_SIGN_IDENTITY = "";
				CODE_SIGN_STYLE = Automatic;
				DEFINES_MODULE = YES;
				DEVELOPMENT_TEAM = 7XP5ZBK9EN;
				DYLIB_COMPATIBILITY_VERSION = 1;
				DYLIB_CURRENT_VERSION = 1;
				DYLIB_INSTALL_NAME_BASE = "@rpath";
				ENABLE_BITCODE = NO;
				INFOPLIST_FILE = "";
				INSTALL_PATH = "$(LOCAL_LIBRARY_DIR)/Frameworks";
				LD_RUNPATH_SEARCH_PATHS = "$(inherited) @executable_path/Frameworks @loader_path/Frameworks";
				MACH_O_TYPE = staticlib;
				OTHER_LDFLAGS = (
					"-Objc",
					"-all_load",
				);
				PRODUCT_BUNDLE_IDENTIFIER = com.youku.AFOViews;
				PRODUCT_NAME = "$(TARGET_NAME:c99extidentifier)";
				SKIP_INSTALL = YES;
				TARGETED_DEVICE_FAMILY = "1,2";
			};
			name = Release;
		};
/* End XCBuildConfiguration section */

/* Begin XCConfigurationList section */
		242F455F201C73C000830BF3 /* Build configuration list for PBXProject "AFOViews" */ = {
			isa = XCConfigurationList;
			buildConfigurations = (
				242F456B201C73C000830BF3 /* Debug */,
				242F456C201C73C000830BF3 /* Release */,
			);
			defaultConfigurationIsVisible = 0;
			defaultConfigurationName = Release;
		};
		242F456D201C73C000830BF3 /* Build configuration list for PBXNativeTarget "AFOViews" */ = {
			isa = XCConfigurationList;
			buildConfigurations = (
				242F456E201C73C000830BF3 /* Debug */,
				242F456F201C73C000830BF3 /* Release */,
			);
			defaultConfigurationIsVisible = 0;
			defaultConfigurationName = Release;
		};
/* End XCConfigurationList section */
	};
	rootObject = 242F455C201C73C000830BF3 /* Project object */;
}
