// !$*UTF8*$!
{
	archiveVersion = 1;
	classes = {
	};
	objectVersion = 48;
	objects = {

/* Begin PBXBuildFile section */
		241325432243345100D51960 /* GCDMulticastDelegate.m in Sources */ = {isa = PBXBuildFile; fileRef = 241325412243345100D51960 /* GCDMulticastDelegate.m */; };
		241325442243345100D51960 /* GCDMulticastDelegate.h in Headers */ = {isa = PBXBuildFile; fileRef = 241325422243345100D51960 /* GCDMulticastDelegate.h */; settings = {ATTRIBUTES = (Public, ); }; };
		2426865A2020465E00F9E96C /* INTUAutoRemoveObserver.m in Sources */ = {isa = PBXBuildFile; fileRef = 242686582020465E00F9E96C /* INTUAutoRemoveObserver.m */; };
		2426865B2020465E00F9E96C /* INTUAutoRemoveObserver.h in Headers */ = {isa = PBXBuildFile; fileRef = 242686592020465E00F9E96C /* INTUAutoRemoveObserver.h */; settings = {ATTRIBUTES = (Public, ); }; };
		2446ED0F201978A200FD5012 /* Aspects.h in Headers */ = {isa = PBXBuildFile; fileRef = 2446ED0D201978A100FD5012 /* Aspects.h */; settings = {ATTRIBUTES = (Public, ); }; };
		2446ED10201978A200FD5012 /* Aspects.m in Sources */ = {isa = PBXBuildFile; fileRef = 2446ED0E201978A100FD5012 /* Aspects.m */; };
		2446ED2D2019B45A00FD5012 /* SVPullToRefresh.h in Headers */ = {isa = PBXBuildFile; fileRef = 2446ED282019B45A00FD5012 /* SVPullToRefresh.h */; settings = {ATTRIBUTES = (Public, ); }; };
		2446ED2E2019B45A00FD5012 /* UIScrollView+SVInfiniteScrolling.m in Sources */ = {isa = PBXBuildFile; fileRef = 2446ED292019B45A00FD5012 /* UIScrollView+SVInfiniteScrolling.m */; };
		2446ED2F2019B45A00FD5012 /* UIScrollView+SVPullToRefresh.m in Sources */ = {isa = PBXBuildFile; fileRef = 2446ED2A2019B45A00FD5012 /* UIScrollView+SVPullToRefresh.m */; };
		2446ED302019B45A00FD5012 /* UIScrollView+SVInfiniteScrolling.h in Headers */ = {isa = PBXBuildFile; fileRef = 2446ED2B2019B45A00FD5012 /* UIScrollView+SVInfiniteScrolling.h */; settings = {ATTRIBUTES = (Public, ); }; };
		2446ED312019B45A00FD5012 /* UIScrollView+SVPullToRefresh.h in Headers */ = {isa = PBXBuildFile; fileRef = 2446ED2C2019B45A00FD5012 /* UIScrollView+SVPullToRefresh.h */; settings = {ATTRIBUTES = (Public, ); }; };
		2446ED4E2019B4E900FD5012 /* SDWebImageCoder.h in Headers */ = {isa = PBXBuildFile; fileRef = 2446ED342019B4E900FD5012 /* SDWebImageCoder.h */; settings = {ATTRIBUTES = (Public, ); }; };
		2446ED4F2019B4E900FD5012 /* NSImage+WebCache.h in Headers */ = {isa = PBXBuildFile; fileRef = 2446ED352019B4E900FD5012 /* NSImage+WebCache.h */; settings = {ATTRIBUTES = (Public, ); }; };
		2446ED502019B4E900FD5012 /* UIImageView+WebCache.h in Headers */ = {isa = PBXBuildFile; fileRef = 2446ED362019B4E900FD5012 /* UIImageView+WebCache.h */; settings = {ATTRIBUTES = (Public, ); }; };
		2446ED512019B4E900FD5012 /* NSData+ImageContentType.h in Headers */ = {isa = PBXBuildFile; fileRef = 2446ED372019B4E900FD5012 /* NSData+ImageContentType.h */; settings = {ATTRIBUTES = (Public, ); }; };
		2446ED522019B4E900FD5012 /* SDWebImageDownloaderOperation.h in Headers */ = {isa = PBXBuildFile; fileRef = 2446ED382019B4E900FD5012 /* SDWebImageDownloaderOperation.h */; settings = {ATTRIBUTES = (Public, ); }; };
		2446ED532019B4E900FD5012 /* SDImageCache.h in Headers */ = {isa = PBXBuildFile; fileRef = 2446ED392019B4E900FD5012 /* SDImageCache.h */; settings = {ATTRIBUTES = (Public, ); }; };
		2446ED542019B4E900FD5012 /* SDImageCacheConfig.h in Headers */ = {isa = PBXBuildFile; fileRef = 2446ED3A2019B4E900FD5012 /* SDImageCacheConfig.h */; settings = {ATTRIBUTES = (Public, ); }; };
		2446ED552019B4E900FD5012 /* SDWebImageGIFCoder.h in Headers */ = {isa = PBXBuildFile; fileRef = 2446ED3B2019B4E900FD5012 /* SDWebImageGIFCoder.h */; settings = {ATTRIBUTES = (Public, ); }; };
		2446ED562019B4E900FD5012 /* UIButton+WebCache.h in Headers */ = {isa = PBXBuildFile; fileRef = 2446ED3C2019B4E900FD5012 /* UIButton+WebCache.h */; settings = {ATTRIBUTES = (Public, ); }; };
		2446ED572019B4E900FD5012 /* SDWebImageImageIOCoder.h in Headers */ = {isa = PBXBuildFile; fileRef = 2446ED3D2019B4E900FD5012 /* SDWebImageImageIOCoder.h */; settings = {ATTRIBUTES = (Public, ); }; };
		2446ED582019B4E900FD5012 /* UIView+WebCache.h in Headers */ = {isa = PBXBuildFile; fileRef = 2446ED3E2019B4E900FD5012 /* UIView+WebCache.h */; settings = {ATTRIBUTES = (Public, ); }; };
		2446ED592019B4E900FD5012 /* UIView+WebCacheOperation.h in Headers */ = {isa = PBXBuildFile; fileRef = 2446ED3F2019B4E900FD5012 /* UIView+WebCacheOperation.h */; settings = {ATTRIBUTES = (Public, ); }; };
		2446ED5A2019B4E900FD5012 /* SDWebImageFrame.h in Headers */ = {isa = PBXBuildFile; fileRef = 2446ED402019B4E900FD5012 /* SDWebImageFrame.h */; settings = {ATTRIBUTES = (Public, ); }; };
		2446ED5B2019B4E900FD5012 /* UIImageView+HighlightedWebCache.h in Headers */ = {isa = PBXBuildFile; fileRef = 2446ED412019B4E900FD5012 /* UIImageView+HighlightedWebCache.h */; settings = {ATTRIBUTES = (Public, ); }; };
		2446ED5C2019B4E900FD5012 /* SDWebImageManager.h in Headers */ = {isa = PBXBuildFile; fileRef = 2446ED422019B4E900FD5012 /* SDWebImageManager.h */; settings = {ATTRIBUTES = (Public, ); }; };
		2446ED5D2019B4E900FD5012 /* SDWebImageOperation.h in Headers */ = {isa = PBXBuildFile; fileRef = 2446ED432019B4E900FD5012 /* SDWebImageOperation.h */; settings = {ATTRIBUTES = (Public, ); }; };
		2446ED5E2019B4E900FD5012 /* SDWebImageDownloader.h in Headers */ = {isa = PBXBuildFile; fileRef = 2446ED442019B4E900FD5012 /* SDWebImageDownloader.h */; settings = {ATTRIBUTES = (Public, ); }; };
		2446ED5F2019B4E900FD5012 /* SDWebImageCodersManager.h in Headers */ = {isa = PBXBuildFile; fileRef = 2446ED452019B4E900FD5012 /* SDWebImageCodersManager.h */; settings = {ATTRIBUTES = (Public, ); }; };
		2446ED602019B4E900FD5012 /* UIImage+ForceDecode.h in Headers */ = {isa = PBXBuildFile; fileRef = 2446ED462019B4E900FD5012 /* UIImage+ForceDecode.h */; settings = {ATTRIBUTES = (Public, ); }; };
		2446ED612019B4E900FD5012 /* SDWebImagePrefetcher.h in Headers */ = {isa = PBXBuildFile; fileRef = 2446ED472019B4E900FD5012 /* SDWebImagePrefetcher.h */; settings = {ATTRIBUTES = (Public, ); }; };
		2446ED622019B4E900FD5012 /* SDWebImageCompat.h in Headers */ = {isa = PBXBuildFile; fileRef = 2446ED482019B4E900FD5012 /* SDWebImageCompat.h */; settings = {ATTRIBUTES = (Public, ); }; };
		2446ED632019B4E900FD5012 /* SDWebImageCoderHelper.h in Headers */ = {isa = PBXBuildFile; fileRef = 2446ED492019B4E900FD5012 /* SDWebImageCoderHelper.h */; settings = {ATTRIBUTES = (Public, ); }; };
		2446ED642019B4E900FD5012 /* UIImage+MultiFormat.h in Headers */ = {isa = PBXBuildFile; fileRef = 2446ED4A2019B4E900FD5012 /* UIImage+MultiFormat.h */; settings = {ATTRIBUTES = (Public, ); }; };
		2446ED652019B4E900FD5012 /* UIImage+GIF.h in Headers */ = {isa = PBXBuildFile; fileRef = 2446ED4B2019B4E900FD5012 /* UIImage+GIF.h */; settings = {ATTRIBUTES = (Public, ); }; };
		2446ED662019B4E900FD5012 /* libSDWebImage.a in Frameworks */ = {isa = PBXBuildFile; fileRef = 2446ED4D2019B4E900FD5012 /* libSDWebImage.a */; };
		2458D68B20102B5E00D2058C /* AFOGitHub.h in Headers */ = {isa = PBXBuildFile; fileRef = 2458D68920102B5E00D2058C /* AFOGitHub.h */; settings = {ATTRIBUTES = (Public, ); }; };
		2458D6A220102C9400D2058C /* MASCompositeConstraint.h in Headers */ = {isa = PBXBuildFile; fileRef = 2458D69220102C9400D2058C /* MASCompositeConstraint.h */; settings = {ATTRIBUTES = (Public, ); }; };
		2458D6A320102C9400D2058C /* MASConstraint+Private.h in Headers */ = {isa = PBXBuildFile; fileRef = 2458D69320102C9400D2058C /* MASConstraint+Private.h */; settings = {ATTRIBUTES = (Public, ); }; };
		2458D6A420102C9400D2058C /* MASLayoutConstraint.h in Headers */ = {isa = PBXBuildFile; fileRef = 2458D69420102C9400D2058C /* MASLayoutConstraint.h */; settings = {ATTRIBUTES = (Public, ); }; };
		2458D6A520102C9400D2058C /* NSArray+MASShorthandAdditions.h in Headers */ = {isa = PBXBuildFile; fileRef = 2458D69520102C9400D2058C /* NSArray+MASShorthandAdditions.h */; settings = {ATTRIBUTES = (Public, ); }; };
		2458D6A620102C9400D2058C /* MASConstraintMaker.h in Headers */ = {isa = PBXBuildFile; fileRef = 2458D69620102C9400D2058C /* MASConstraintMaker.h */; settings = {ATTRIBUTES = (Public, ); }; };
		2458D6A720102C9400D2058C /* View+MASAdditions.h in Headers */ = {isa = PBXBuildFile; fileRef = 2458D69720102C9400D2058C /* View+MASAdditions.h */; settings = {ATTRIBUTES = (Public, ); }; };
		2458D6A820102C9400D2058C /* NSArray+MASAdditions.h in Headers */ = {isa = PBXBuildFile; fileRef = 2458D69820102C9400D2058C /* NSArray+MASAdditions.h */; settings = {ATTRIBUTES = (Public, ); }; };
		2458D6A920102C9400D2058C /* MASUtilities.h in Headers */ = {isa = PBXBuildFile; fileRef = 2458D69920102C9400D2058C /* MASUtilities.h */; settings = {ATTRIBUTES = (Public, ); }; };
		2458D6AA20102C9400D2058C /* MASViewAttribute.h in Headers */ = {isa = PBXBuildFile; fileRef = 2458D69A20102C9400D2058C /* MASViewAttribute.h */; settings = {ATTRIBUTES = (Public, ); }; };
		2458D6AB20102C9400D2058C /* MASViewConstraint.h in Headers */ = {isa = PBXBuildFile; fileRef = 2458D69B20102C9400D2058C /* MASViewConstraint.h */; settings = {ATTRIBUTES = (Public, ); }; };
		2458D6AC20102C9400D2058C /* MASConstraint.h in Headers */ = {isa = PBXBuildFile; fileRef = 2458D69C20102C9400D2058C /* MASConstraint.h */; settings = {ATTRIBUTES = (Public, ); }; };
		2458D6AD20102C9400D2058C /* libMasonry.a in Frameworks */ = {isa = PBXBuildFile; fileRef = 2458D69D20102C9400D2058C /* libMasonry.a */; };
		2458D6AE20102C9400D2058C /* NSLayoutConstraint+MASDebugAdditions.h in Headers */ = {isa = PBXBuildFile; fileRef = 2458D69E20102C9400D2058C /* NSLayoutConstraint+MASDebugAdditions.h */; settings = {ATTRIBUTES = (Public, ); }; };
		2458D6AF20102C9400D2058C /* View+MASShorthandAdditions.h in Headers */ = {isa = PBXBuildFile; fileRef = 2458D69F20102C9400D2058C /* View+MASShorthandAdditions.h */; settings = {ATTRIBUTES = (Public, ); }; };
		2458D6B020102C9400D2058C /* Masonry.h in Headers */ = {isa = PBXBuildFile; fileRef = 2458D6A020102C9400D2058C /* Masonry.h */; settings = {ATTRIBUTES = (Public, ); }; };
		2458D6B120102C9400D2058C /* ViewController+MASAdditions.h in Headers */ = {isa = PBXBuildFile; fileRef = 2458D6A120102C9400D2058C /* ViewController+MASAdditions.h */; settings = {ATTRIBUTES = (Public, ); }; };
/* End PBXBuildFile section */

/* Begin PBXFileReference section */
		241325412243345100D51960 /* GCDMulticastDelegate.m */ = {isa = PBXFileReference; fileEncoding = 4; lastKnownFileType = sourcecode.c.objc; path = GCDMulticastDelegate.m; sourceTree = "<group>"; };
		241325422243345100D51960 /* GCDMulticastDelegate.h */ = {isa = PBXFileReference; fileEncoding = 4; lastKnownFileType = sourcecode.c.h; path = GCDMulticastDelegate.h; sourceTree = "<group>"; };
		242686582020465E00F9E96C /* INTUAutoRemoveObserver.m */ = {isa = PBXFileReference; fileEncoding = 4; lastKnownFileType = sourcecode.c.objc; path = INTUAutoRemoveObserver.m; sourceTree = "<group>"; };
		242686592020465E00F9E96C /* INTUAutoRemoveObserver.h */ = {isa = PBXFileReference; fileEncoding = 4; lastKnownFileType = sourcecode.c.h; path = INTUAutoRemoveObserver.h; sourceTree = "<group>"; };
		2446ED0D201978A100FD5012 /* Aspects.h */ = {isa = PBXFileReference; fileEncoding = 4; lastKnownFileType = sourcecode.c.h; path = Aspects.h; sourceTree = "<group>"; };
		2446ED0E201978A100FD5012 /* Aspects.m */ = {isa = PBXFileReference; fileEncoding = 4; lastKnownFileType = sourcecode.c.objc; path = Aspects.m; sourceTree = "<group>"; };
		2446ED282019B45A00FD5012 /* SVPullToRefresh.h */ = {isa = PBXFileReference; fileEncoding = 4; lastKnownFileType = sourcecode.c.h; path = SVPullToRefresh.h; sourceTree = "<group>"; };
		2446ED292019B45A00FD5012 /* UIScrollView+SVInfiniteScrolling.m */ = {isa = PBXFileReference; fileEncoding = 4; lastKnownFileType = sourcecode.c.objc; path = "UIScrollView+SVInfiniteScrolling.m"; sourceTree = "<group>"; };
		2446ED2A2019B45A00FD5012 /* UIScrollView+SVPullToRefresh.m */ = {isa = PBXFileReference; fileEncoding = 4; lastKnownFileType = sourcecode.c.objc; path = "UIScrollView+SVPullToRefresh.m"; sourceTree = "<group>"; };
		2446ED2B2019B45A00FD5012 /* UIScrollView+SVInfiniteScrolling.h */ = {isa = PBXFileReference; fileEncoding = 4; lastKnownFileType = sourcecode.c.h; path = "UIScrollView+SVInfiniteScrolling.h"; sourceTree = "<group>"; };
		2446ED2C2019B45A00FD5012 /* UIScrollView+SVPullToRefresh.h */ = {isa = PBXFileReference; fileEncoding = 4; lastKnownFileType = sourcecode.c.h; path = "UIScrollView+SVPullToRefresh.h"; sourceTree = "<group>"; };
		2446ED342019B4E900FD5012 /* SDWebImageCoder.h */ = {isa = PBXFileReference; fileEncoding = 4; lastKnownFileType = sourcecode.c.h; path = SDWebImageCoder.h; sourceTree = "<group>"; };
		2446ED352019B4E900FD5012 /* NSImage+WebCache.h */ = {isa = PBXFileReference; fileEncoding = 4; lastKnownFileType = sourcecode.c.h; path = "NSImage+WebCache.h"; sourceTree = "<group>"; };
		2446ED362019B4E900FD5012 /* UIImageView+WebCache.h */ = {isa = PBXFileReference; fileEncoding = 4; lastKnownFileType = sourcecode.c.h; path = "UIImageView+WebCache.h"; sourceTree = "<group>"; };
		2446ED372019B4E900FD5012 /* NSData+ImageContentType.h */ = {isa = PBXFileReference; fileEncoding = 4; lastKnownFileType = sourcecode.c.h; path = "NSData+ImageContentType.h"; sourceTree = "<group>"; };
		2446ED382019B4E900FD5012 /* SDWebImageDownloaderOperation.h */ = {isa = PBXFileReference; fileEncoding = 4; lastKnownFileType = sourcecode.c.h; path = SDWebImageDownloaderOperation.h; sourceTree = "<group>"; };
		2446ED392019B4E900FD5012 /* SDImageCache.h */ = {isa = PBXFileReference; fileEncoding = 4; lastKnownFileType = sourcecode.c.h; path = SDImageCache.h; sourceTree = "<group>"; };
		2446ED3A2019B4E900FD5012 /* SDImageCacheConfig.h */ = {isa = PBXFileReference; fileEncoding = 4; lastKnownFileType = sourcecode.c.h; path = SDImageCacheConfig.h; sourceTree = "<group>"; };
		2446ED3B2019B4E900FD5012 /* SDWebImageGIFCoder.h */ = {isa = PBXFileReference; fileEncoding = 4; lastKnownFileType = sourcecode.c.h; path = SDWebImageGIFCoder.h; sourceTree = "<group>"; };
		2446ED3C2019B4E900FD5012 /* UIButton+WebCache.h */ = {isa = PBXFileReference; fileEncoding = 4; lastKnownFileType = sourcecode.c.h; path = "UIButton+WebCache.h"; sourceTree = "<group>"; };
		2446ED3D2019B4E900FD5012 /* SDWebImageImageIOCoder.h */ = {isa = PBXFileReference; fileEncoding = 4; lastKnownFileType = sourcecode.c.h; path = SDWebImageImageIOCoder.h; sourceTree = "<group>"; };
		2446ED3E2019B4E900FD5012 /* UIView+WebCache.h */ = {isa = PBXFileReference; fileEncoding = 4; lastKnownFileType = sourcecode.c.h; path = "UIView+WebCache.h"; sourceTree = "<group>"; };
		2446ED3F2019B4E900FD5012 /* UIView+WebCacheOperation.h */ = {isa = PBXFileReference; fileEncoding = 4; lastKnownFileType = sourcecode.c.h; path = "UIView+WebCacheOperation.h"; sourceTree = "<group>"; };
		2446ED402019B4E900FD5012 /* SDWebImageFrame.h */ = {isa = PBXFileReference; fileEncoding = 4; lastKnownFileType = sourcecode.c.h; path = SDWebImageFrame.h; sourceTree = "<group>"; };
		2446ED412019B4E900FD5012 /* UIImageView+HighlightedWebCache.h */ = {isa = PBXFileReference; fileEncoding = 4; lastKnownFileType = sourcecode.c.h; path = "UIImageView+HighlightedWebCache.h"; sourceTree = "<group>"; };
		2446ED422019B4E900FD5012 /* SDWebImageManager.h */ = {isa = PBXFileReference; fileEncoding = 4; lastKnownFileType = sourcecode.c.h; path = SDWebImageManager.h; sourceTree = "<group>"; };
		2446ED432019B4E900FD5012 /* SDWebImageOperation.h */ = {isa = PBXFileReference; fileEncoding = 4; lastKnownFileType = sourcecode.c.h; path = SDWebImageOperation.h; sourceTree = "<group>"; };
		2446ED442019B4E900FD5012 /* SDWebImageDownloader.h */ = {isa = PBXFileReference; fileEncoding = 4; lastKnownFileType = sourcecode.c.h; path = SDWebImageDownloader.h; sourceTree = "<group>"; };
		2446ED452019B4E900FD5012 /* SDWebImageCodersManager.h */ = {isa = PBXFileReference; fileEncoding = 4; lastKnownFileType = sourcecode.c.h; path = SDWebImageCodersManager.h; sourceTree = "<group>"; };
		2446ED462019B4E900FD5012 /* UIImage+ForceDecode.h */ = {isa = PBXFileReference; fileEncoding = 4; lastKnownFileType = sourcecode.c.h; path = "UIImage+ForceDecode.h"; sourceTree = "<group>"; };
		2446ED472019B4E900FD5012 /* SDWebImagePrefetcher.h */ = {isa = PBXFileReference; fileEncoding = 4; lastKnownFileType = sourcecode.c.h; path = SDWebImagePrefetcher.h; sourceTree = "<group>"; };
		2446ED482019B4E900FD5012 /* SDWebImageCompat.h */ = {isa = PBXFileReference; fileEncoding = 4; lastKnownFileType = sourcecode.c.h; path = SDWebImageCompat.h; sourceTree = "<group>"; };
		2446ED492019B4E900FD5012 /* SDWebImageCoderHelper.h */ = {isa = PBXFileReference; fileEncoding = 4; lastKnownFileType = sourcecode.c.h; path = SDWebImageCoderHelper.h; sourceTree = "<group>"; };
		2446ED4A2019B4E900FD5012 /* UIImage+MultiFormat.h */ = {isa = PBXFileReference; fileEncoding = 4; lastKnownFileType = sourcecode.c.h; path = "UIImage+MultiFormat.h"; sourceTree = "<group>"; };
		2446ED4B2019B4E900FD5012 /* UIImage+GIF.h */ = {isa = PBXFileReference; fileEncoding = 4; lastKnownFileType = sourcecode.c.h; path = "UIImage+GIF.h"; sourceTree = "<group>"; };
		2446ED4D2019B4E900FD5012 /* libSDWebImage.a */ = {isa = PBXFileReference; lastKnownFileType = archive.ar; path = libSDWebImage.a; sourceTree = "<group>"; };
		2458D68620102B5E00D2058C /* AFOGitHub.framework */ = {isa = PBXFileReference; explicitFileType = wrapper.framework; includeInIndex = 0; path = AFOGitHub.framework; sourceTree = BUILT_PRODUCTS_DIR; };
		2458D68920102B5E00D2058C /* AFOGitHub.h */ = {isa = PBXFileReference; lastKnownFileType = sourcecode.c.h; path = AFOGitHub.h; sourceTree = "<group>"; };
		2458D69220102C9400D2058C /* MASCompositeConstraint.h */ = {isa = PBXFileReference; fileEncoding = 4; lastKnownFileType = sourcecode.c.h; path = MASCompositeConstraint.h; sourceTree = "<group>"; };
		2458D69320102C9400D2058C /* MASConstraint+Private.h */ = {isa = PBXFileReference; fileEncoding = 4; lastKnownFileType = sourcecode.c.h; path = "MASConstraint+Private.h"; sourceTree = "<group>"; };
		2458D69420102C9400D2058C /* MASLayoutConstraint.h */ = {isa = PBXFileReference; fileEncoding = 4; lastKnownFileType = sourcecode.c.h; path = MASLayoutConstraint.h; sourceTree = "<group>"; };
		2458D69520102C9400D2058C /* NSArray+MASShorthandAdditions.h */ = {isa = PBXFileReference; fileEncoding = 4; lastKnownFileType = sourcecode.c.h; path = "NSArray+MASShorthandAdditions.h"; sourceTree = "<group>"; };
		2458D69620102C9400D2058C /* MASConstraintMaker.h */ = {isa = PBXFileReference; fileEncoding = 4; lastKnownFileType = sourcecode.c.h; path = MASConstraintMaker.h; sourceTree = "<group>"; };
		2458D69720102C9400D2058C /* View+MASAdditions.h */ = {isa = PBXFileReference; fileEncoding = 4; lastKnownFileType = sourcecode.c.h; path = "View+MASAdditions.h"; sourceTree = "<group>"; };
		2458D69820102C9400D2058C /* NSArray+MASAdditions.h */ = {isa = PBXFileReference; fileEncoding = 4; lastKnownFileType = sourcecode.c.h; path = "NSArray+MASAdditions.h"; sourceTree = "<group>"; };
		2458D69920102C9400D2058C /* MASUtilities.h */ = {isa = PBXFileReference; fileEncoding = 4; lastKnownFileType = sourcecode.c.h; path = MASUtilities.h; sourceTree = "<group>"; };
		2458D69A20102C9400D2058C /* MASViewAttribute.h */ = {isa = PBXFileReference; fileEncoding = 4; lastKnownFileType = sourcecode.c.h; path = MASViewAttribute.h; sourceTree = "<group>"; };
		2458D69B20102C9400D2058C /* MASViewConstraint.h */ = {isa = PBXFileReference; fileEncoding = 4; lastKnownFileType = sourcecode.c.h; path = MASViewConstraint.h; sourceTree = "<group>"; };
		2458D69C20102C9400D2058C /* MASConstraint.h */ = {isa = PBXFileReference; fileEncoding = 4; lastKnownFileType = sourcecode.c.h; path = MASConstraint.h; sourceTree = "<group>"; };
		2458D69D20102C9400D2058C /* libMasonry.a */ = {isa = PBXFileReference; lastKnownFileType = archive.ar; path = libMasonry.a; sourceTree = "<group>"; };
		2458D69E20102C9400D2058C /* NSLayoutConstraint+MASDebugAdditions.h */ = {isa = PBXFileReference; fileEncoding = 4; lastKnownFileType = sourcecode.c.h; path = "NSLayoutConstraint+MASDebugAdditions.h"; sourceTree = "<group>"; };
		2458D69F20102C9400D2058C /* View+MASShorthandAdditions.h */ = {isa = PBXFileReference; fileEncoding = 4; lastKnownFileType = sourcecode.c.h; path = "View+MASShorthandAdditions.h"; sourceTree = "<group>"; };
		2458D6A020102C9400D2058C /* Masonry.h */ = {isa = PBXFileReference; fileEncoding = 4; lastKnownFileType = sourcecode.c.h; path = Masonry.h; sourceTree = "<group>"; };
		2458D6A120102C9400D2058C /* ViewController+MASAdditions.h */ = {isa = PBXFileReference; fileEncoding = 4; lastKnownFileType = sourcecode.c.h; path = "ViewController+MASAdditions.h"; sourceTree = "<group>"; };
/* End PBXFileReference section */

/* Begin PBXFrameworksBuildPhase section */
		2458D68220102B5E00D2058C /* Frameworks */ = {
			isa = PBXFrameworksBuildPhase;
			buildActionMask = 2147483647;
			files = (
				2458D6AD20102C9400D2058C /* libMasonry.a in Frameworks */,
				2446ED662019B4E900FD5012 /* libSDWebImage.a in Frameworks */,
			);
			runOnlyForDeploymentPostprocessing = 0;
		};
/* End PBXFrameworksBuildPhase section */

/* Begin PBXGroup section */
		24132540224333E100D51960 /* GCDMulticastDelegate */ = {
			isa = PBXGroup;
			children = (
				241325422243345100D51960 /* GCDMulticastDelegate.h */,
				241325412243345100D51960 /* GCDMulticastDelegate.m */,
			);
			path = GCDMulticastDelegate;
			sourceTree = "<group>";
		};
		242686572020462300F9E96C /* INTUAutoRemoveObserver */ = {
			isa = PBXGroup;
			children = (
				242686592020465E00F9E96C /* INTUAutoRemoveObserver.h */,
				242686582020465E00F9E96C /* INTUAutoRemoveObserver.m */,
			);
			path = INTUAutoRemoveObserver;
			sourceTree = "<group>";
		};
		2446ED0C201978A100FD5012 /* Aspects */ = {
			isa = PBXGroup;
			children = (
				2446ED0D201978A100FD5012 /* Aspects.h */,
				2446ED0E201978A100FD5012 /* Aspects.m */,
			);
			path = Aspects;
			sourceTree = "<group>";
		};
		2446ED272019B45A00FD5012 /* SVPullToRefresh */ = {
			isa = PBXGroup;
			children = (
				2446ED282019B45A00FD5012 /* SVPullToRefresh.h */,
				2446ED292019B45A00FD5012 /* UIScrollView+SVInfiniteScrolling.m */,
				2446ED2A2019B45A00FD5012 /* UIScrollView+SVPullToRefresh.m */,
				2446ED2B2019B45A00FD5012 /* UIScrollView+SVInfiniteScrolling.h */,
				2446ED2C2019B45A00FD5012 /* UIScrollView+SVPullToRefresh.h */,
			);
			path = SVPullToRefresh;
			sourceTree = "<group>";
		};
		2446ED322019B4E900FD5012 /* SDWebImage */ = {
			isa = PBXGroup;
			children = (
				2446ED332019B4E900FD5012 /* include */,
				2446ED4C2019B4E900FD5012 /* lib */,
			);
			path = SDWebImage;
			sourceTree = "<group>";
		};
		2446ED332019B4E900FD5012 /* include */ = {
			isa = PBXGroup;
			children = (
				2446ED342019B4E900FD5012 /* SDWebImageCoder.h */,
				2446ED352019B4E900FD5012 /* NSImage+WebCache.h */,
				2446ED362019B4E900FD5012 /* UIImageView+WebCache.h */,
				2446ED372019B4E900FD5012 /* NSData+ImageContentType.h */,
				2446ED382019B4E900FD5012 /* SDWebImageDownloaderOperation.h */,
				2446ED392019B4E900FD5012 /* SDImageCache.h */,
				2446ED3A2019B4E900FD5012 /* SDImageCacheConfig.h */,
				2446ED3B2019B4E900FD5012 /* SDWebImageGIFCoder.h */,
				2446ED3C2019B4E900FD5012 /* UIButton+WebCache.h */,
				2446ED3D2019B4E900FD5012 /* SDWebImageImageIOCoder.h */,
				2446ED3E2019B4E900FD5012 /* UIView+WebCache.h */,
				2446ED3F2019B4E900FD5012 /* UIView+WebCacheOperation.h */,
				2446ED402019B4E900FD5012 /* SDWebImageFrame.h */,
				2446ED412019B4E900FD5012 /* UIImageView+HighlightedWebCache.h */,
				2446ED422019B4E900FD5012 /* SDWebImageManager.h */,
				2446ED432019B4E900FD5012 /* SDWebImageOperation.h */,
				2446ED442019B4E900FD5012 /* SDWebImageDownloader.h */,
				2446ED452019B4E900FD5012 /* SDWebImageCodersManager.h */,
				2446ED462019B4E900FD5012 /* UIImage+ForceDecode.h */,
				2446ED472019B4E900FD5012 /* SDWebImagePrefetcher.h */,
				2446ED482019B4E900FD5012 /* SDWebImageCompat.h */,
				2446ED492019B4E900FD5012 /* SDWebImageCoderHelper.h */,
				2446ED4A2019B4E900FD5012 /* UIImage+MultiFormat.h */,
				2446ED4B2019B4E900FD5012 /* UIImage+GIF.h */,
			);
			path = include;
			sourceTree = "<group>";
		};
		2446ED4C2019B4E900FD5012 /* lib */ = {
			isa = PBXGroup;
			children = (
				2446ED4D2019B4E900FD5012 /* libSDWebImage.a */,
			);
			path = lib;
			sourceTree = "<group>";
		};
		2458D67C20102B5D00D2058C = {
			isa = PBXGroup;
			children = (
				2458D68820102B5E00D2058C /* AFOGitHub */,
				2458D68720102B5E00D2058C /* Products */,
			);
			sourceTree = "<group>";
		};
		2458D68720102B5E00D2058C /* Products */ = {
			isa = PBXGroup;
			children = (
				2458D68620102B5E00D2058C /* AFOGitHub.framework */,
			);
			name = Products;
			sourceTree = "<group>";
		};
		2458D68820102B5E00D2058C /* AFOGitHub */ = {
			isa = PBXGroup;
			children = (
				2458D68920102B5E00D2058C /* AFOGitHub.h */,
				2446ED0C201978A100FD5012 /* Aspects */,
				24132540224333E100D51960 /* GCDMulticastDelegate */,
				242686572020462300F9E96C /* INTUAutoRemoveObserver */,
				2446ED322019B4E900FD5012 /* SDWebImage */,
				2446ED272019B45A00FD5012 /* SVPullToRefresh */,
				2458D69120102C9400D2058C /* Masonry */,
			);
			path = AFOGitHub;
			sourceTree = "<group>";
		};
		2458D69120102C9400D2058C /* Masonry */ = {
			isa = PBXGroup;
			children = (
				2458D6B220102C9A00D2058C /* lib */,
				2458D6B320102CA600D2058C /* include */,
			);
			path = Masonry;
			sourceTree = "<group>";
		};
		2458D6B220102C9A00D2058C /* lib */ = {
			isa = PBXGroup;
			children = (
				2458D69D20102C9400D2058C /* libMasonry.a */,
			);
			path = lib;
			sourceTree = "<group>";
		};
		2458D6B320102CA600D2058C /* include */ = {
			isa = PBXGroup;
			children = (
				2458D69220102C9400D2058C /* MASCompositeConstraint.h */,
				2458D69320102C9400D2058C /* MASConstraint+Private.h */,
				2458D69420102C9400D2058C /* MASLayoutConstraint.h */,
				2458D69520102C9400D2058C /* NSArray+MASShorthandAdditions.h */,
				2458D69620102C9400D2058C /* MASConstraintMaker.h */,
				2458D69720102C9400D2058C /* View+MASAdditions.h */,
				2458D69820102C9400D2058C /* NSArray+MASAdditions.h */,
				2458D69920102C9400D2058C /* MASUtilities.h */,
				2458D69A20102C9400D2058C /* MASViewAttribute.h */,
				2458D69B20102C9400D2058C /* MASViewConstraint.h */,
				2458D69C20102C9400D2058C /* MASConstraint.h */,
				2458D69E20102C9400D2058C /* NSLayoutConstraint+MASDebugAdditions.h */,
				2458D69F20102C9400D2058C /* View+MASShorthandAdditions.h */,
				2458D6A020102C9400D2058C /* Masonry.h */,
				2458D6A120102C9400D2058C /* ViewController+MASAdditions.h */,
			);
			path = include;
			sourceTree = "<group>";
		};
/* End PBXGroup section */

/* Begin PBXHeadersBuildPhase section */
		2458D68320102B5E00D2058C /* Headers */ = {
			isa = PBXHeadersBuildPhase;
			buildActionMask = 2147483647;
			files = (
				2458D6AE20102C9400D2058C /* NSLayoutConstraint+MASDebugAdditions.h in Headers */,
				2458D6AF20102C9400D2058C /* View+MASShorthandAdditions.h in Headers */,
				2458D6AA20102C9400D2058C /* MASViewAttribute.h in Headers */,
				2458D6A520102C9400D2058C /* NSArray+MASShorthandAdditions.h in Headers */,
				2458D6A320102C9400D2058C /* MASConstraint+Private.h in Headers */,
				2458D68B20102B5E00D2058C /* AFOGitHub.h in Headers */,
				2458D6A220102C9400D2058C /* MASCompositeConstraint.h in Headers */,
				2458D6A620102C9400D2058C /* MASConstraintMaker.h in Headers */,
				2458D6A720102C9400D2058C /* View+MASAdditions.h in Headers */,
				2458D6A420102C9400D2058C /* MASLayoutConstraint.h in Headers */,
				2446ED522019B4E900FD5012 /* SDWebImageDownloaderOperation.h in Headers */,
				2446ED622019B4E900FD5012 /* SDWebImageCompat.h in Headers */,
				2446ED642019B4E900FD5012 /* UIImage+MultiFormat.h in Headers */,
				2446ED5C2019B4E900FD5012 /* SDWebImageManager.h in Headers */,
				2446ED562019B4E900FD5012 /* UIButton+WebCache.h in Headers */,
				2446ED572019B4E900FD5012 /* SDWebImageImageIOCoder.h in Headers */,
				2446ED552019B4E900FD5012 /* SDWebImageGIFCoder.h in Headers */,
				2446ED5E2019B4E900FD5012 /* SDWebImageDownloader.h in Headers */,
				2446ED632019B4E900FD5012 /* SDWebImageCoderHelper.h in Headers */,
				2446ED4E2019B4E900FD5012 /* SDWebImageCoder.h in Headers */,
				2446ED542019B4E900FD5012 /* SDImageCacheConfig.h in Headers */,
				2458D6B020102C9400D2058C /* Masonry.h in Headers */,
				2458D6A920102C9400D2058C /* MASUtilities.h in Headers */,
				2458D6A820102C9400D2058C /* NSArray+MASAdditions.h in Headers */,
				2458D6B120102C9400D2058C /* ViewController+MASAdditions.h in Headers */,
				2446ED652019B4E900FD5012 /* UIImage+GIF.h in Headers */,
				2446ED502019B4E900FD5012 /* UIImageView+WebCache.h in Headers */,
				2446ED582019B4E900FD5012 /* UIView+WebCache.h in Headers */,
				2446ED5D2019B4E900FD5012 /* SDWebImageOperation.h in Headers */,
				2446ED5B2019B4E900FD5012 /* UIImageView+HighlightedWebCache.h in Headers */,
				2446ED512019B4E900FD5012 /* NSData+ImageContentType.h in Headers */,
				2446ED592019B4E900FD5012 /* UIView+WebCacheOperation.h in Headers */,
				2446ED5F2019B4E900FD5012 /* SDWebImageCodersManager.h in Headers */,
				2446ED4F2019B4E900FD5012 /* NSImage+WebCache.h in Headers */,
				2446ED5A2019B4E900FD5012 /* SDWebImageFrame.h in Headers */,
				2446ED602019B4E900FD5012 /* UIImage+ForceDecode.h in Headers */,
				2446ED612019B4E900FD5012 /* SDWebImagePrefetcher.h in Headers */,
				2446ED532019B4E900FD5012 /* SDImageCache.h in Headers */,
				2458D6AB20102C9400D2058C /* MASViewConstraint.h in Headers */,
				2446ED2D2019B45A00FD5012 /* SVPullToRefresh.h in Headers */,
				2446ED0F201978A200FD5012 /* Aspects.h in Headers */,
				2446ED302019B45A00FD5012 /* UIScrollView+SVInfiniteScrolling.h in Headers */,
				2458D6AC20102C9400D2058C /* MASConstraint.h in Headers */,
				2426865B2020465E00F9E96C /* INTUAutoRemoveObserver.h in Headers */,
				241325442243345100D51960 /* GCDMulticastDelegate.h in Headers */,
				2446ED312019B45A00FD5012 /* UIScrollView+SVPullToRefresh.h in Headers */,
			);
			runOnlyForDeploymentPostprocessing = 0;
		};
/* End PBXHeadersBuildPhase section */

/* Begin PBXNativeTarget section */
		2458D68520102B5E00D2058C /* AFOGitHub */ = {
			isa = PBXNativeTarget;
			buildConfigurationList = 2458D68E20102B5E00D2058C /* Build configuration list for PBXNativeTarget "AFOGitHub" */;
			buildPhases = (
				2458D68120102B5E00D2058C /* Sources */,
				2458D68220102B5E00D2058C /* Frameworks */,
				2458D68320102B5E00D2058C /* Headers */,
				2458D68420102B5E00D2058C /* Resources */,
			);
			buildRules = (
			);
			dependencies = (
			);
			name = AFOGitHub;
			productName = AFOGitHub;
			productReference = 2458D68620102B5E00D2058C /* AFOGitHub.framework */;
			productType = "com.apple.product-type.framework";
		};
/* End PBXNativeTarget section */

/* Begin PBXProject section */
		2458D67D20102B5D00D2058C /* Project object */ = {
			isa = PBXProject;
			attributes = {
				LastUpgradeCheck = 0920;
				ORGANIZATIONNAME = "AFO Science Technology Ltd";
				TargetAttributes = {
					2458D68520102B5E00D2058C = {
						CreatedOnToolsVersion = 9.2;
						ProvisioningStyle = Automatic;
					};
				};
			};
			buildConfigurationList = 2458D68020102B5D00D2058C /* Build configuration list for PBXProject "AFOGitHub" */;
			compatibilityVersion = "Xcode 8.0";
			developmentRegion = en;
			hasScannedForEncodings = 0;
			knownRegions = (
				en,
			);
			mainGroup = 2458D67C20102B5D00D2058C;
			productRefGroup = 2458D68720102B5E00D2058C /* Products */;
			projectDirPath = "";
			projectRoot = "";
			targets = (
				2458D68520102B5E00D2058C /* AFOGitHub */,
			);
		};
/* End PBXProject section */

/* Begin PBXResourcesBuildPhase section */
		2458D68420102B5E00D2058C /* Resources */ = {
			isa = PBXResourcesBuildPhase;
			buildActionMask = 2147483647;
			files = (
			);
			runOnlyForDeploymentPostprocessing = 0;
		};
/* End PBXResourcesBuildPhase section */

/* Begin PBXSourcesBuildPhase section */
		2458D68120102B5E00D2058C /* Sources */ = {
			isa = PBXSourcesBuildPhase;
			buildActionMask = 2147483647;
			files = (
				2446ED2E2019B45A00FD5012 /* UIScrollView+SVInfiniteScrolling.m in Sources */,
				2446ED10201978A200FD5012 /* Aspects.m in Sources */,
				2426865A2020465E00F9E96C /* INTUAutoRemoveObserver.m in Sources */,
				2446ED2F2019B45A00FD5012 /* UIScrollView+SVPullToRefresh.m in Sources */,
				241325432243345100D51960 /* GCDMulticastDelegate.m in Sources */,
			);
			runOnlyForDeploymentPostprocessing = 0;
		};
/* End PBXSourcesBuildPhase section */

/* Begin XCBuildConfiguration section */
		2458D68C20102B5E00D2058C /* Debug */ = {
			isa = XCBuildConfiguration;
			buildSettings = {
				ALWAYS_SEARCH_USER_PATHS = NO;
				CLANG_ANALYZER_NONNULL = YES;
				CLANG_ANALYZER_NUMBER_OBJECT_CONVERSION = YES_AGGRESSIVE;
				CLANG_CXX_LANGUAGE_STANDARD = "gnu++14";
				CLANG_CXX_LIBRARY = "libc++";
				CLANG_ENABLE_MODULES = YES;
				CLANG_ENABLE_OBJC_ARC = YES;
				CLANG_WARN_BLOCK_CAPTURE_AUTORELEASING = YES;
				CLANG_WARN_BOOL_CONVERSION = YES;
				CLANG_WARN_COMMA = YES;
				CLANG_WARN_CONSTANT_CONVERSION = YES;
				CLANG_WARN_DIRECT_OBJC_ISA_USAGE = YES_ERROR;
				CLANG_WARN_DOCUMENTATION_COMMENTS = YES;
				CLANG_WARN_EMPTY_BODY = YES;
				CLANG_WARN_ENUM_CONVERSION = YES;
				CLANG_WARN_INFINITE_RECURSION = YES;
				CLANG_WARN_INT_CONVERSION = YES;
				CLANG_WARN_NON_LITERAL_NULL_CONVERSION = YES;
				CLANG_WARN_OBJC_LITERAL_CONVERSION = YES;
				CLANG_WARN_OBJC_ROOT_CLASS = YES_ERROR;
				CLANG_WARN_RANGE_LOOP_ANALYSIS = YES;
				CLANG_WARN_STRICT_PROTOTYPES = YES;
				CLANG_WARN_SUSPICIOUS_MOVE = YES;
				CLANG_WARN_UNGUARDED_AVAILABILITY = YES_AGGRESSIVE;
				CLANG_WARN_UNREACHABLE_CODE = YES;
				CLANG_WARN__DUPLICATE_METHOD_MATCH = YES;
				CODE_SIGN_IDENTITY = "iPhone Developer";
				COPY_PHASE_STRIP = NO;
				CURRENT_PROJECT_VERSION = 1;
				DEBUG_INFORMATION_FORMAT = dwarf;
				ENABLE_STRICT_OBJC_MSGSEND = YES;
				ENABLE_TESTABILITY = YES;
				GCC_C_LANGUAGE_STANDARD = gnu11;
				GCC_DYNAMIC_NO_PIC = NO;
				GCC_NO_COMMON_BLOCKS = YES;
				GCC_OPTIMIZATION_LEVEL = 0;
				GCC_PREPROCESSOR_DEFINITIONS = (
					"DEBUG=1",
					"$(inherited)",
				);
				GCC_WARN_64_TO_32_BIT_CONVERSION = YES;
				GCC_WARN_ABOUT_RETURN_TYPE = YES_ERROR;
				GCC_WARN_UNDECLARED_SELECTOR = YES;
				GCC_WARN_UNINITIALIZED_AUTOS = YES_AGGRESSIVE;
				GCC_WARN_UNUSED_FUNCTION = YES;
				GCC_WARN_UNUSED_VARIABLE = YES;
				IPHONEOS_DEPLOYMENT_TARGET = 8.0;
				MTL_ENABLE_DEBUG_INFO = YES;
				ONLY_ACTIVE_ARCH = YES;
				SDKROOT = iphoneos;
				VERSIONING_SYSTEM = "apple-generic";
				VERSION_INFO_PREFIX = "";
			};
			name = Debug;
		};
		2458D68D20102B5E00D2058C /* Release */ = {
			isa = XCBuildConfiguration;
			buildSettings = {
				ALWAYS_SEARCH_USER_PATHS = NO;
				CLANG_ANALYZER_NONNULL = YES;
				CLANG_ANALYZER_NUMBER_OBJECT_CONVERSION = YES_AGGRESSIVE;
				CLANG_CXX_LANGUAGE_STANDARD = "gnu++14";
				CLANG_CXX_LIBRARY = "libc++";
				CLANG_ENABLE_MODULES = YES;
				CLANG_ENABLE_OBJC_ARC = YES;
				CLANG_WARN_BLOCK_CAPTURE_AUTORELEASING = YES;
				CLANG_WARN_BOOL_CONVERSION = YES;
				CLANG_WARN_COMMA = YES;
				CLANG_WARN_CONSTANT_CONVERSION = YES;
				CLANG_WARN_DIRECT_OBJC_ISA_USAGE = YES_ERROR;
				CLANG_WARN_DOCUMENTATION_COMMENTS = YES;
				CLANG_WARN_EMPTY_BODY = YES;
				CLANG_WARN_ENUM_CONVERSION = YES;
				CLANG_WARN_INFINITE_RECURSION = YES;
				CLANG_WARN_INT_CONVERSION = YES;
				CLANG_WARN_NON_LITERAL_NULL_CONVERSION = YES;
				CLANG_WARN_OBJC_LITERAL_CONVERSION = YES;
				CLANG_WARN_OBJC_ROOT_CLASS = YES_ERROR;
				CLANG_WARN_RANGE_LOOP_ANALYSIS = YES;
				CLANG_WARN_STRICT_PROTOTYPES = YES;
				CLANG_WARN_SUSPICIOUS_MOVE = YES;
				CLANG_WARN_UNGUARDED_AVAILABILITY = YES_AGGRESSIVE;
				CLANG_WARN_UNREACHABLE_CODE = YES;
				CLANG_WARN__DUPLICATE_METHOD_MATCH = YES;
				CODE_SIGN_IDENTITY = "iPhone Developer";
				COPY_PHASE_STRIP = NO;
				CURRENT_PROJECT_VERSION = 1;
				DEBUG_INFORMATION_FORMAT = "dwarf-with-dsym";
				ENABLE_NS_ASSERTIONS = NO;
				ENABLE_STRICT_OBJC_MSGSEND = YES;
				GCC_C_LANGUAGE_STANDARD = gnu11;
				GCC_NO_COMMON_BLOCKS = YES;
				GCC_WARN_64_TO_32_BIT_CONVERSION = YES;
				GCC_WARN_ABOUT_RETURN_TYPE = YES_ERROR;
				GCC_WARN_UNDECLARED_SELECTOR = YES;
				GCC_WARN_UNINITIALIZED_AUTOS = YES_AGGRESSIVE;
				GCC_WARN_UNUSED_FUNCTION = YES;
				GCC_WARN_UNUSED_VARIABLE = YES;
				IPHONEOS_DEPLOYMENT_TARGET = 8.0;
				MTL_ENABLE_DEBUG_INFO = NO;
				SDKROOT = iphoneos;
				VALIDATE_PRODUCT = YES;
				VERSIONING_SYSTEM = "apple-generic";
				VERSION_INFO_PREFIX = "";
			};
			name = Release;
		};
		2458D68F20102B5E00D2058C /* Debug */ = {
			isa = XCBuildConfiguration;
			buildSettings = {
				CODE_SIGN_IDENTITY = "";
				CODE_SIGN_STYLE = Automatic;
				DEFINES_MODULE = YES;
				DEVELOPMENT_TEAM = 7XP5ZBK9EN;
				DYLIB_COMPATIBILITY_VERSION = 1;
				DYLIB_CURRENT_VERSION = 1;
				DYLIB_INSTALL_NAME_BASE = "@rpath";
				ENABLE_BITCODE = NO;
				HEADER_SEARCH_PATHS = (
					"$(PROJECT_DIR)/AFOGitHub/Masonry/include",
					"$(PROJECT_DIR)/AFOGitHub/SDWebImage/include",
				);
				INFOPLIST_FILE = "";
				INSTALL_PATH = "$(LOCAL_LIBRARY_DIR)/Frameworks";
				LD_RUNPATH_SEARCH_PATHS = "$(inherited) @executable_path/Frameworks @loader_path/Frameworks";
				LIBRARY_SEARCH_PATHS = (
					"$(inherited)",
					"$(PROJECT_DIR)/AFOGitHub/Masonry/lib",
					"$(PROJECT_DIR)/AFOGitHub/SDWebImage/lib",
				);
				MACH_O_TYPE = staticlib;
				OTHER_LDFLAGS = (
					"-Objc",
					"-all_load",
				);
				PRODUCT_BUNDLE_IDENTIFIER = com.youku.AFOGitHub;
				PRODUCT_NAME = "$(TARGET_NAME:c99extidentifier)";
				SKIP_INSTALL = YES;
				TARGETED_DEVICE_FAMILY = "1,2";
			};
			name = Debug;
		};
		2458D69020102B5E00D2058C /* Release */ = {
			isa = XCBuildConfiguration;
			buildSettings = {
				CODE_SIGN_IDENTITY = "";
				CODE_SIGN_STYLE = Automatic;
				DEFINES_MODULE = YES;
				DEVELOPMENT_TEAM = 7XP5ZBK9EN;
				DYLIB_COMPATIBILITY_VERSION = 1;
				DYLIB_CURRENT_VERSION = 1;
				DYLIB_INSTALL_NAME_BASE = "@rpath";
				ENABLE_BITCODE = NO;
				HEADER_SEARCH_PATHS = (
					"$(PROJECT_DIR)/AFOGitHub/Masonry/include",
					"$(PROJECT_DIR)/AFOGitHub/SDWebImage/include",
				);
				INFOPLIST_FILE = "";
				INSTALL_PATH = "$(LOCAL_LIBRARY_DIR)/Frameworks";
				LD_RUNPATH_SEARCH_PATHS = "$(inherited) @executable_path/Frameworks @loader_path/Frameworks";
				LIBRARY_SEARCH_PATHS = (
					"$(inherited)",
					"$(PROJECT_DIR)/AFOGitHub/Masonry/lib",
					"$(PROJECT_DIR)/AFOGitHub/SDWebImage/lib",
				);
				MACH_O_TYPE = staticlib;
				OTHER_LDFLAGS = (
					"-Objc",
					"-all_load",
				);
				PRODUCT_BUNDLE_IDENTIFIER = com.youku.AFOGitHub;
				PRODUCT_NAME = "$(TARGET_NAME:c99extidentifier)";
				SKIP_INSTALL = YES;
				TARGETED_DEVICE_FAMILY = "1,2";
			};
			name = Release;
		};
/* End XCBuildConfiguration section */

/* Begin XCConfigurationList section */
		2458D68020102B5D00D2058C /* Build configuration list for PBXProject "AFOGitHub" */ = {
			isa = XCConfigurationList;
			buildConfigurations = (
				2458D68C20102B5E00D2058C /* Debug */,
				2458D68D20102B5E00D2058C /* Release */,
			);
			defaultConfigurationIsVisible = 0;
			defaultConfigurationName = Release;
		};
		2458D68E20102B5E00D2058C /* Build configuration list for PBXNativeTarget "AFOGitHub" */ = {
			isa = XCConfigurationList;
			buildConfigurations = (
				2458D68F20102B5E00D2058C /* Debug */,
				2458D69020102B5E00D2058C /* Release */,
			);
			defaultConfigurationIsVisible = 0;
			defaultConfigurationName = Release;
		};
/* End XCConfigurationList section */
	};
	rootObject = 2458D67D20102B5D00D2058C /* Project object */;
}
