PODS:
  - AFODelegateExtension (0.0.7)
  - AFOFFMpeg (0.1.0):
    - AFOFFMpegLib
    - AFOFoundation
    - AFOGitHub
    - AFOlibyuv
    - AFORouter
    - AFOUIKIT
    - AFOViews
    - AFOx264
    - libxvidcore
  - AFOFFMpegLib (0.0.22):
    - AFOFFMpegLib/include (= 0.0.22)
  - AFOFFMpegLib/include (0.0.22):
    - AFOFFMpegLib/include/libavcodec (= 0.0.22)
    - AFOFFMpegLib/include/libavformat (= 0.0.22)
    - AFOFFMpegLib/include/libavutil (= 0.0.22)
    - AFOFFMpegLib/include/libswresample (= 0.0.22)
    - AFOFFMpegLib/include/libswscale (= 0.0.22)
  - AFOFFMpegLib/include/libavcodec (0.0.22)
  - AFOFFMpegLib/include/libavformat (0.0.22)
  - AFOFFMpegLib/include/libavutil (0.0.22)
  - AFOFFMpegLib/include/libswresample (0.0.22)
  - AFOFFMpegLib/include/libswscale (0.0.22)
  - AFOFoundation (1.0.8):
    - AFOFoundation/array (= 1.0.8)
    - AFOFoundation/bundle (= 1.0.8)
    - AFOFoundation/define (= 1.0.8)
    - AFOFoundation/dictionary (= 1.0.8)
    - AFOFoundation/sandbox (= 1.0.8)
    - AFOFoundation/string (= 1.0.8)
    - AFOFoundation/weak (= 1.0.8)
  - AFOFoundation/array (1.0.8)
  - AFOFoundation/bundle (1.0.8)
  - AFOFoundation/define (1.0.8)
  - AFOFoundation/dictionary (1.0.8)
  - AFOFoundation/sandbox (1.0.8)
  - AFOFoundation/string (1.0.8)
  - AFOFoundation/weak (1.0.8)
  - AFOGitHub (0.0.10):
    - AFOGitHub/Aspects (= 0.0.10)
    - AFOGitHub/GCDMulticastDelegate (= 0.0.10)
    - AFOGitHub/INTUAutoRemoveObserver (= 0.0.10)
    - AFOGitHub/Masonry (= 0.0.10)
    - AFOGitHub/SDWebImage (= 0.0.10)
    - AFOGitHub/UIScrollView (= 0.0.10)
  - AFOGitHub/Aspects (0.0.10)
  - AFOGitHub/GCDMulticastDelegate (0.0.10)
  - AFOGitHub/INTUAutoRemoveObserver (0.0.10)
  - AFOGitHub/Masonry (0.0.10)
  - AFOGitHub/SDWebImage (0.0.10):
    - AFOGitHub/SDWebImage/include (= 0.0.10)
    - AFOGitHub/SDWebImage/lib (= 0.0.10)
  - AFOGitHub/SDWebImage/include (0.0.10)
  - AFOGitHub/SDWebImage/lib (0.0.10)
  - AFOGitHub/UIScrollView (0.0.10)
  - AFOHomePage (0.0.20):
    - AFOFoundation
    - AFOGitHub
    - AFOHomePage/models (= 0.0.20)
    - AFOHomePage/presenter (= 0.0.20)
    - AFOHomePage/views (= 0.0.20)
    - AFORouter
    - AFOViews
  - AFOHomePage/models (0.0.20):
    - AFOFoundation
    - AFOGitHub
    - AFORouter
    - AFOViews
  - AFOHomePage/presenter (0.0.20):
    - AFOFoundation
    - AFOGitHub
    - AFORouter
    - AFOViews
  - AFOHomePage/views (0.0.20):
    - AFOFoundation
    - AFOGitHub
    - AFOHomePage/views/detail (= 0.0.20)
    - AFOHomePage/views/list (= 0.0.20)
    - AFOHomePage/views/main (= 0.0.20)
    - AFOHomePage/views/play (= 0.0.20)
    - AFORouter
    - AFOViews
  - AFOHomePage/views/detail (0.0.20):
    - AFOFoundation
    - AFOGitHub
    - AFOHomePage/views/detail/models (= 0.0.20)
    - AFOHomePage/views/detail/presenters (= 0.0.20)
    - AFOHomePage/views/detail/views (= 0.0.20)
    - AFORouter
    - AFOViews
  - AFOHomePage/views/detail/models (0.0.20):
    - AFOFoundation
    - AFOGitHub
    - AFORouter
    - AFOViews
  - AFOHomePage/views/detail/presenters (0.0.20):
    - AFOFoundation
    - AFOGitHub
    - AFORouter
    - AFOViews
  - AFOHomePage/views/detail/views (0.0.20):
    - AFOFoundation
    - AFOGitHub
    - AFORouter
    - AFOViews
  - AFOHomePage/views/list (0.0.20):
    - AFOFoundation
    - AFOGitHub
    - AFOHomePage/views/list/models (= 0.0.20)
    - AFOHomePage/views/list/presenters (= 0.0.20)
    - AFOHomePage/views/list/views (= 0.0.20)
    - AFORouter
    - AFOViews
  - AFOHomePage/views/list/models (0.0.20):
    - AFOFoundation
    - AFOGitHub
    - AFORouter
    - AFOViews
  - AFOHomePage/views/list/presenters (0.0.20):
    - AFOFoundation
    - AFOGitHub
    - AFORouter
    - AFOViews
  - AFOHomePage/views/list/views (0.0.20):
    - AFOFoundation
    - AFOGitHub
    - AFORouter
    - AFOViews
  - AFOHomePage/views/main (0.0.20):
    - AFOFoundation
    - AFOGitHub
    - AFOHomePage/views/main/models (= 0.0.20)
    - AFOHomePage/views/main/views (= 0.0.20)
    - AFORouter
    - AFOViews
  - AFOHomePage/views/main/models (0.0.20):
    - AFOFoundation
    - AFOGitHub
    - AFORouter
    - AFOViews
  - AFOHomePage/views/main/views (0.0.20):
    - AFOFoundation
    - AFOGitHub
    - AFORouter
    - AFOViews
  - AFOHomePage/views/play (0.0.20):
    - AFOFoundation
    - AFOGitHub
    - AFOHomePage/views/play/models (= 0.0.20)
    - AFOHomePage/views/play/presenters (= 0.0.20)
    - AFOHomePage/views/play/views (= 0.0.20)
    - AFORouter
    - AFOViews
  - AFOHomePage/views/play/models (0.0.20):
    - AFOFoundation
    - AFOGitHub
    - AFORouter
    - AFOViews
  - AFOHomePage/views/play/presenters (0.0.20):
    - AFOFoundation
    - AFOGitHub
    - AFORouter
    - AFOViews
  - AFOHomePage/views/play/views (0.0.20):
    - AFOFoundation
    - AFOGitHub
    - AFORouter
    - AFOViews
  - AFOlibyuv (0.0.6)
  - AFOPlaylist (0.0.16):
    - AFOFFMpeg
    - AFOFoundation
    - AFOGitHub
    - AFORouter
    - AFOSQLite
    - AFOUIKIT
  - AFORouter (0.0.6):
    - AFORouter/manager (= 0.0.6)
    - AFORouter/router (= 0.0.6)
  - AFORouter/manager (0.0.6):
    - AFOFoundation
    - AFORouter/router
  - AFORouter/router (0.0.6)
  - AFOSQLite (0.0.10):
    - FMDB
  - AFOUIKIT (0.0.7):
    - AFOUIKIT/viewController (= 0.0.7)
  - AFOUIKIT/viewController (0.0.7)
  - AFOViews (0.0.2)
  - AFOx264 (0.0.1)
  - FMDB (2.7.5):
    - FMDB/standard (= 2.7.5)
  - FMDB/standard (2.7.5)
  - libxvidcore (0.0.1)

DEPENDENCIES:
  - AFODelegateExtension
  - AFOFoundation (from `/Users/xianxueguang/Documents/GitHub/AFOFoundation`)
  - AFOHomePage (from `/Users/xianxueguang/Documents/GitHub/AFOHomePage`)
  - AFOPlaylist (from `/Users/xianxueguang/Documents/GitHub/AFOPlaylist`)
  - AFORouter (from `/Users/xianxueguang/Documents/GitHub/AFORouter`)
  - AFOUIKIT (from `/Users/xianxueguang/Documents/GitHub/AFOUIKIT`)

SPEC REPOS:
  trunk:
    - AFODelegateExtension
    - AFOFFMpeg
    - AFOFFMpegLib
    - AFOGitHub
    - AFOlibyuv
    - AFOSQLite
    - AFOViews
    - AFOx264
    - FMDB
    - libxvidcore

EXTERNAL SOURCES:
  AFOFoundation:
    :git: "/Users/xianxueguang/Documents/GitHub/AFOFoundation"
  AFOHomePage:
    :git: "/Users/xianxueguang/Documents/GitHub/AFOHomePage"
  AFOPlaylist:
    :git: "/Users/xianxueguang/Documents/GitHub/AFOPlaylist"
  AFORouter:
    :git: "/Users/xianxueguang/Documents/GitHub/AFORouter"
  AFOUIKIT:
    :git: "/Users/xianxueguang/Documents/GitHub/AFOUIKIT"

CHECKOUT OPTIONS:
  AFOFoundation:
    :commit: 0e0e903002c8c86c2622bb07ad289afa466a72ba
    :git: "/Users/xianxueguang/Documents/GitHub/AFOFoundation"
  AFOHomePage:
    :commit: 1c9c55b36cdd9828951500fb03adcbe763eec479
    :git: "/Users/xianxueguang/Documents/GitHub/AFOHomePage"
  AFOPlaylist:
    :commit: 3f250483c67574bfc948b32dc37eca26949df5f2
    :git: "/Users/xianxueguang/Documents/GitHub/AFOPlaylist"
  AFORouter:
    :commit: 8caf23b56be917383f42881f7fa9ef0027db2938
    :git: "/Users/xianxueguang/Documents/GitHub/AFORouter"
  AFOUIKIT:
    :commit: 63c9740e4d1c97868c8a354c1ac5d928ca24c9f9
    :git: "/Users/xianxueguang/Documents/GitHub/AFOUIKIT"

SPEC CHECKSUMS:
  AFODelegateExtension: 4a3b0331b540af32b577bc389498aefc1e633981
  AFOFFMpeg: 4cddf87d97104f8138d0c8dcee82eb9662c882de
  AFOFFMpegLib: 1d3079e6dc657e8b0cbba9ae21f5eb6a86b7bc1d
  AFOFoundation: 3908d8d762ce86095d411062b3f23897c848b63e
  AFOGitHub: 9b4aee6e56e6d3215ff93e879575649a01e19af4
  AFOHomePage: b7982810421d9ffd8d86eb1d278ecc8d03280747
  AFOlibyuv: 0de9914d223842fb3bd71df543efbc0b3de46d85
  AFOPlaylist: 402a8b8a508cb4ab9f64cd4d1c3f439e8230a88b
  AFORouter: 55453f046221d0750f38f55eb47e3eeb6739fa47
  AFOSQLite: d5f1a069955f3a074b2585c48d5417fa7ccf3392
  AFOUIKIT: b1e12d14891b02f23c5dd3808db57ee6873e5c15
  AFOViews: e163b3141ed826d28d47c2a47cdbc51d0c399a54
  AFOx264: 83c386e207372a1d9b57ca21fda9c7a3d09c5b15
  FMDB: 2ce00b547f966261cd18927a3ddb07cb6f3db82a
  libxvidcore: 304cbb77e3398b9dfc7bd006d85196e39edc8185

PODFILE CHECKSUM: 6a74192beab03a3933dfc730194b7d39df3d663c

COCOAPODS: 1.8.0
