PODS:
  - AFODelegateExtension (0.0.7)
  - AFOFFMpeg (0.1.1):
    - AFODelegateExtension
    - AFOFFMpeg/audio (= 0.1.1)
    - AFOFFMpeg/error (= 0.1.1)
    - AFOFFMpeg/manager (= 0.1.1)
    - AFOFFMpeg/media (= 0.1.1)
    - AFOFFMpeg/play (= 0.1.1)
    - AFOFFMpeg/screenshots (= 0.1.1)
    - AFOFFMpegLib
    - AFOFoundation
    - AFOGitHub
    - AFOlibyuv
    - AFORouter
    - AFOUIKIT
    - AFOViews
    - AFOx264
    - libxvidcore
  - AFOFFMpeg/audio (0.1.1):
    - AFODelegateExtension
    - AFOFFMpegLib
    - AFOFoundation
    - AFOGitHub
    - AFOlibyuv
    - AFORouter
    - AFOUIKIT
    - AFOViews
    - AFOx264
    - libxvidcore
  - AFOFFMpeg/error (0.1.1):
    - AFODelegateExtension
    - AFOFFMpegLib
    - AFOFoundation
    - AFOGitHub
    - AFOlibyuv
    - AFORouter
    - AFOUIKIT
    - AFOViews
    - AFOx264
    - libxvidcore
  - AFOFFMpeg/manager (0.1.1):
    - AFODelegateExtension
    - AFOFFMpegLib
    - AFOFoundation
    - AFOGitHub
    - AFOlibyuv
    - AFORouter
    - AFOUIKIT
    - AFOViews
    - AFOx264
    - libxvidcore
  - AFOFFMpeg/media (0.1.1):
    - AFODelegateExtension
    - AFOFFMpegLib
    - AFOFoundation
    - AFOGitHub
    - AFOlibyuv
    - AFORouter
    - AFOUIKIT
    - AFOViews
    - AFOx264
    - libxvidcore
  - AFOFFMpeg/play (0.1.1):
    - AFODelegateExtension
    - AFOFFMpegLib
    - AFOFoundation
    - AFOGitHub
    - AFOlibyuv
    - AFORouter
    - AFOUIKIT
    - AFOViews
    - AFOx264
    - libxvidcore
  - AFOFFMpeg/screenshots (0.1.1):
    - AFODelegateExtension
    - AFOFFMpegLib
    - AFOFoundation
    - AFOGitHub
    - AFOlibyuv
    - AFORouter
    - AFOUIKIT
    - AFOViews
    - AFOx264
    - libxvidcore
  - AFOFFMpegLib (0.0.22):
    - AFOFFMpegLib/include (= 0.0.22)
  - AFOFFMpegLib/include (0.0.22):
    - AFOFFMpegLib/include/libavcodec (= 0.0.22)
    - AFOFFMpegLib/include/libavformat (= 0.0.22)
    - AFOFFMpegLib/include/libavutil (= 0.0.22)
    - AFOFFMpegLib/include/libswresample (= 0.0.22)
    - AFOFFMpegLib/include/libswscale (= 0.0.22)
  - AFOFFMpegLib/include/libavcodec (0.0.22)
  - AFOFFMpegLib/include/libavformat (0.0.22)
  - AFOFFMpegLib/include/libavutil (0.0.22)
  - AFOFFMpegLib/include/libswresample (0.0.22)
  - AFOFFMpegLib/include/libswscale (0.0.22)
  - AFOFoundation (1.0.8):
    - AFOFoundation/array (= 1.0.8)
    - AFOFoundation/bundle (= 1.0.8)
    - AFOFoundation/define (= 1.0.8)
    - AFOFoundation/dictionary (= 1.0.8)
    - AFOFoundation/sandbox (= 1.0.8)
    - AFOFoundation/string (= 1.0.8)
    - AFOFoundation/weak (= 1.0.8)
  - AFOFoundation/array (1.0.8)
  - AFOFoundation/bundle (1.0.8)
  - AFOFoundation/define (1.0.8)
  - AFOFoundation/dictionary (1.0.8)
  - AFOFoundation/sandbox (1.0.8)
  - AFOFoundation/string (1.0.8)
  - AFOFoundation/weak (1.0.8)
  - AFOGitHub (0.0.10):
    - AFOGitHub/Aspects (= 0.0.10)
    - AFOGitHub/GCDMulticastDelegate (= 0.0.10)
    - AFOGitHub/INTUAutoRemoveObserver (= 0.0.10)
    - AFOGitHub/Masonry (= 0.0.10)
    - AFOGitHub/SDWebImage (= 0.0.10)
    - AFOGitHub/UIScrollView (= 0.0.10)
  - AFOGitHub/Aspects (0.0.10)
  - AFOGitHub/GCDMulticastDelegate (0.0.10)
  - AFOGitHub/INTUAutoRemoveObserver (0.0.10)
  - AFOGitHub/Masonry (0.0.10)
  - AFOGitHub/SDWebImage (0.0.10):
    - AFOGitHub/SDWebImage/include (= 0.0.10)
    - AFOGitHub/SDWebImage/lib (= 0.0.10)
  - AFOGitHub/SDWebImage/include (0.0.10)
  - AFOGitHub/SDWebImage/lib (0.0.10)
  - AFOGitHub/UIScrollView (0.0.10)
  - AFOHomePage (0.0.20):
    - AFOFoundation
    - AFOGitHub
    - AFOHomePage/models (= 0.0.20)
    - AFOHomePage/presenter (= 0.0.20)
    - AFOHomePage/views (= 0.0.20)
    - AFORouter
    - AFOViews
  - AFOHomePage/models (0.0.20):
    - AFOFoundation
    - AFOGitHub
    - AFORouter
    - AFOViews
  - AFOHomePage/presenter (0.0.20):
    - AFOFoundation
    - AFOGitHub
    - AFORouter
    - AFOViews
  - AFOHomePage/views (0.0.20):
    - AFOFoundation
    - AFOGitHub
    - AFOHomePage/views/detail (= 0.0.20)
    - AFOHomePage/views/list (= 0.0.20)
    - AFOHomePage/views/main (= 0.0.20)
    - AFOHomePage/views/play (= 0.0.20)
    - AFORouter
    - AFOViews
  - AFOHomePage/views/detail (0.0.20):
    - AFOFoundation
    - AFOGitHub
    - AFOHomePage/views/detail/models (= 0.0.20)
    - AFOHomePage/views/detail/presenters (= 0.0.20)
    - AFOHomePage/views/detail/views (= 0.0.20)
    - AFORouter
    - AFOViews
  - AFOHomePage/views/detail/models (0.0.20):
    - AFOFoundation
    - AFOGitHub
    - AFORouter
    - AFOViews
  - AFOHomePage/views/detail/presenters (0.0.20):
    - AFOFoundation
    - AFOGitHub
    - AFORouter
    - AFOViews
  - AFOHomePage/views/detail/views (0.0.20):
    - AFOFoundation
    - AFOGitHub
    - AFORouter
    - AFOViews
  - AFOHomePage/views/list (0.0.20):
    - AFOFoundation
    - AFOGitHub
    - AFOHomePage/views/list/models (= 0.0.20)
    - AFOHomePage/views/list/presenters (= 0.0.20)
    - AFOHomePage/views/list/views (= 0.0.20)
    - AFORouter
    - AFOViews
  - AFOHomePage/views/list/models (0.0.20):
    - AFOFoundation
    - AFOGitHub
    - AFORouter
    - AFOViews
  - AFOHomePage/views/list/presenters (0.0.20):
    - AFOFoundation
    - AFOGitHub
    - AFORouter
    - AFOViews
  - AFOHomePage/views/list/views (0.0.20):
    - AFOFoundation
    - AFOGitHub
    - AFORouter
    - AFOViews
  - AFOHomePage/views/main (0.0.20):
    - AFOFoundation
    - AFOGitHub
    - AFOHomePage/views/main/models (= 0.0.20)
    - AFOHomePage/views/main/views (= 0.0.20)
    - AFORouter
    - AFOViews
  - AFOHomePage/views/main/models (0.0.20):
    - AFOFoundation
    - AFOGitHub
    - AFORouter
    - AFOViews
  - AFOHomePage/views/main/views (0.0.20):
    - AFOFoundation
    - AFOGitHub
    - AFORouter
    - AFOViews
  - AFOHomePage/views/play (0.0.20):
    - AFOFoundation
    - AFOGitHub
    - AFOHomePage/views/play/models (= 0.0.20)
    - AFOHomePage/views/play/presenters (= 0.0.20)
    - AFOHomePage/views/play/views (= 0.0.20)
    - AFORouter
    - AFOViews
  - AFOHomePage/views/play/models (0.0.20):
    - AFOFoundation
    - AFOGitHub
    - AFORouter
    - AFOViews
  - AFOHomePage/views/play/presenters (0.0.20):
    - AFOFoundation
    - AFOGitHub
    - AFORouter
    - AFOViews
  - AFOHomePage/views/play/views (0.0.20):
    - AFOFoundation
    - AFOGitHub
    - AFORouter
    - AFOViews
  - AFOlibyuv (0.0.6)
  - AFOPlaylist (0.0.16):
    - AFOFFMpeg
    - AFOFoundation
    - AFOGitHub
    - AFORouter
    - AFOSQLite
    - AFOUIKIT
  - AFORouter (0.0.7):
    - AFORouter/manager (= 0.0.7)
    - AFORouter/router (= 0.0.7)
  - AFORouter/manager (0.0.7):
    - AFOFoundation
    - AFORouter/router
  - AFORouter/router (0.0.7)
  - AFOSQLite (0.0.10):
    - FMDB
  - AFOUIKIT (0.0.7):
    - AFOUIKIT/viewController (= 0.0.7)
  - AFOUIKIT/viewController (0.0.7)
  - AFOViews (0.0.2)
  - AFOx264 (0.0.1)
  - FMDB (2.7.5):
    - FMDB/standard (= 2.7.5)
  - FMDB/standard (2.7.5)
  - libxvidcore (0.0.1)

DEPENDENCIES:
  - AFODelegateExtension
  - AFOFFMpeg (from `/Users/xianxueguang/Documents/GitHub/AFOFFMpeg`)
  - AFOFoundation (from `/Users/xianxueguang/Documents/GitHub/AFOFoundation`)
  - AFOHomePage
  - AFOPlaylist

SPEC REPOS:
  trunk:
    - AFODelegateExtension
    - AFOFFMpegLib
    - AFOGitHub
    - AFOHomePage
    - AFOlibyuv
    - AFOPlaylist
    - AFORouter
    - AFOSQLite
    - AFOUIKIT
    - AFOViews
    - AFOx264
    - FMDB
    - libxvidcore

EXTERNAL SOURCES:
  AFOFFMpeg:
    :git: "/Users/xianxueguang/Documents/GitHub/AFOFFMpeg"
  AFOFoundation:
    :git: "/Users/xianxueguang/Documents/GitHub/AFOFoundation"

CHECKOUT OPTIONS:
  AFOFFMpeg:
    :commit: 51f86ea8679baaff02bf83f708a97b35ac911fbe
    :git: "/Users/xianxueguang/Documents/GitHub/AFOFFMpeg"
  AFOFoundation:
    :commit: 71832d9272aa2600361a5c15e8b185a6624383ea
    :git: "/Users/xianxueguang/Documents/GitHub/AFOFoundation"

SPEC CHECKSUMS:
  AFODelegateExtension: 4a3b0331b540af32b577bc389498aefc1e633981
  AFOFFMpeg: a1d408babe6678c73bbe21d16832fb47844dcd9f
  AFOFFMpegLib: 1d3079e6dc657e8b0cbba9ae21f5eb6a86b7bc1d
  AFOFoundation: 3908d8d762ce86095d411062b3f23897c848b63e
  AFOGitHub: 9b4aee6e56e6d3215ff93e879575649a01e19af4
  AFOHomePage: b7982810421d9ffd8d86eb1d278ecc8d03280747
  AFOlibyuv: 0de9914d223842fb3bd71df543efbc0b3de46d85
  AFOPlaylist: 402a8b8a508cb4ab9f64cd4d1c3f439e8230a88b
  AFORouter: fcac92f2ce1751694559b6e937e22b0f238b196a
  AFOSQLite: d5f1a069955f3a074b2585c48d5417fa7ccf3392
  AFOUIKIT: b1e12d14891b02f23c5dd3808db57ee6873e5c15
  AFOViews: e163b3141ed826d28d47c2a47cdbc51d0c399a54
  AFOx264: 83c386e207372a1d9b57ca21fda9c7a3d09c5b15
  FMDB: 2ce00b547f966261cd18927a3ddb07cb6f3db82a
  libxvidcore: 304cbb77e3398b9dfc7bd006d85196e39edc8185

PODFILE CHECKSUM: c8ceb82ae8dc22b61e0615ff2ad62306de3df8c0

COCOAPODS: 1.8.0
