PODS:
  - AFODelegateExtension (0.0.7)
  - AFOFFMpeg (0.1.4):
    - AFODelegateExtension
    - AFOFFMpeg/audio (= 0.1.4)
    - AFOFFMpeg/error (= 0.1.4)
    - AFOFFMpeg/manager (= 0.1.4)
    - AFOFFMpeg/media (= 0.1.4)
    - AFOFFMpeg/play (= 0.1.4)
    - AFOFFMpeg/screenshots (= 0.1.4)
    - AFOFFMpegLib
    - AFOFoundation
    - AFOGitHub
    - AFOlibyuv
    - AFORouter
    - AFOSchedulerCore
    - AFOUIKIT
    - AFOViews
    - AFOx264
    - libxvidcore
  - AFOFFMpeg/audio (0.1.4):
    - AFODelegateExtension
    - AFOFFMpegLib
    - AFOFoundation
    - AFOGitHub
    - AFOlibyuv
    - AFORouter
    - AFOSchedulerCore
    - AFOUIKIT
    - AFOViews
    - AFOx264
    - libxvidcore
  - AFOFFMpeg/error (0.1.4):
    - AFODelegateExtension
    - AFOFFMpegLib
    - AFOFoundation
    - AFOGitHub
    - AFOlibyuv
    - AFORouter
    - AFOSchedulerCore
    - AFOUIKIT
    - AFOViews
    - AFOx264
    - libxvidcore
  - AFOFFMpeg/manager (0.1.4):
    - AFODelegateExtension
    - AFOFFMpegLib
    - AFOFoundation
    - AFOGitHub
    - AFOlibyuv
    - AFORouter
    - AFOSchedulerCore
    - AFOUIKIT
    - AFOViews
    - AFOx264
    - libxvidcore
  - AFOFFMpeg/media (0.1.4):
    - AFODelegateExtension
    - AFOFFMpegLib
    - AFOFoundation
    - AFOGitHub
    - AFOlibyuv
    - AFORouter
    - AFOSchedulerCore
    - AFOUIKIT
    - AFOViews
    - AFOx264
    - libxvidcore
  - AFOFFMpeg/play (0.1.4):
    - AFODelegateExtension
    - AFOFFMpegLib
    - AFOFoundation
    - AFOGitHub
    - AFOlibyuv
    - AFORouter
    - AFOSchedulerCore
    - AFOUIKIT
    - AFOViews
    - AFOx264
    - libxvidcore
  - AFOFFMpeg/screenshots (0.1.4):
    - AFODelegateExtension
    - AFOFFMpegLib
    - AFOFoundation
    - AFOGitHub
    - AFOlibyuv
    - AFORouter
    - AFOSchedulerCore
    - AFOUIKIT
    - AFOViews
    - AFOx264
    - libxvidcore
  - AFOFFMpegLib (0.0.22):
    - AFOFFMpegLib/include (= 0.0.22)
  - AFOFFMpegLib/include (0.0.22):
    - AFOFFMpegLib/include/libavcodec (= 0.0.22)
    - AFOFFMpegLib/include/libavformat (= 0.0.22)
    - AFOFFMpegLib/include/libavutil (= 0.0.22)
    - AFOFFMpegLib/include/libswresample (= 0.0.22)
    - AFOFFMpegLib/include/libswscale (= 0.0.22)
  - AFOFFMpegLib/include/libavcodec (0.0.22)
  - AFOFFMpegLib/include/libavformat (0.0.22)
  - AFOFFMpegLib/include/libavutil (0.0.22)
  - AFOFFMpegLib/include/libswresample (0.0.22)
  - AFOFFMpegLib/include/libswscale (0.0.22)
  - AFOFoundation (1.0.9):
    - AFOFoundation/array (= 1.0.9)
    - AFOFoundation/bundle (= 1.0.9)
    - AFOFoundation/define (= 1.0.9)
    - AFOFoundation/dictionary (= 1.0.9)
    - AFOFoundation/sandbox (= 1.0.9)
    - AFOFoundation/string (= 1.0.9)
    - AFOFoundation/weak (= 1.0.9)
  - AFOFoundation/array (1.0.9)
  - AFOFoundation/bundle (1.0.9)
  - AFOFoundation/define (1.0.9)
  - AFOFoundation/dictionary (1.0.9)
  - AFOFoundation/sandbox (1.0.9)
  - AFOFoundation/string (1.0.9)
  - AFOFoundation/weak (1.0.9)
  - AFOGitHub (0.0.13):
    - AFOGitHub/AFNetworking (= 0.0.13)
    - AFOGitHub/Aspects (= 0.0.13)
    - AFOGitHub/FBKVOController (= 0.0.13)
    - AFOGitHub/GCDMulticastDelegate (= 0.0.13)
    - AFOGitHub/INTUAutoRemoveObserver (= 0.0.13)
    - AFOGitHub/Masonry (= 0.0.13)
    - AFOGitHub/SDWebImage (= 0.0.13)
    - AFOGitHub/UIScrollView (= 0.0.13)
  - AFOGitHub/AFNetworking (0.0.13):
    - AFOGitHub/AFNetworking/AFNetworking (= 0.0.13)
    - "AFOGitHub/AFNetworking/UIKit+AFNetworking (= 0.0.13)"
  - AFOGitHub/AFNetworking/AFNetworking (0.0.13)
  - "AFOGitHub/AFNetworking/UIKit+AFNetworking (0.0.13)"
  - AFOGitHub/Aspects (0.0.13)
  - AFOGitHub/FBKVOController (0.0.13)
  - AFOGitHub/GCDMulticastDelegate (0.0.13)
  - AFOGitHub/INTUAutoRemoveObserver (0.0.13)
  - AFOGitHub/Masonry (0.0.13)
  - AFOGitHub/SDWebImage (0.0.13):
    - AFOGitHub/SDWebImage/include (= 0.0.13)
    - AFOGitHub/SDWebImage/lib (= 0.0.13)
  - AFOGitHub/SDWebImage/include (0.0.13)
  - AFOGitHub/SDWebImage/lib (0.0.13)
  - AFOGitHub/UIScrollView (0.0.13)
  - AFOlibyuv (0.0.6)
  - AFOPlaylist (0.0.19):
    - AFOFFMpeg
    - AFOFoundation
    - AFOGitHub
    - AFORouter
    - AFOSchedulerCore
    - AFOSQLite
    - AFOUIKIT
  - AFOPlaylist/Tests (0.0.19):
    - AFOFFMpeg
    - AFOFoundation
    - AFOGitHub
    - AFORouter
    - AFOSchedulerCore
    - AFOSQLite
    - AFOUIKIT
  - AFORouter (0.0.13):
    - AFORouter/manager (= 0.0.13)
    - AFORouter/router (= 0.0.13)
    - AFOSchedulerCore
  - AFORouter/manager (0.0.13):
    - AFOFoundation
    - AFORouter/router
    - AFOSchedulerCore
  - AFORouter/router (0.0.13):
    - AFOSchedulerCore
  - AFOSchedulerCore (0.0.2):
    - AFOSchedulerCore/homePage (= 0.0.2)
    - AFOSchedulerCore/playList (= 0.0.2)
    - AFOSchedulerCore/rooter (= 0.0.2)
    - AFOSchedulerCore/scheduler (= 0.0.2)
  - AFOSchedulerCore/homePage (0.0.2)
  - AFOSchedulerCore/playList (0.0.2)
  - AFOSchedulerCore/rooter (0.0.2)
  - AFOSchedulerCore/scheduler (0.0.2)
  - AFOSQLite (0.0.10):
    - FMDB
  - AFOUIKIT (0.0.8):
    - AFOUIKIT/collectionView (= 0.0.8)
    - AFOUIKIT/navigationController (= 0.0.8)
    - AFOUIKIT/tabBarController (= 0.0.8)
    - AFOUIKIT/uiimage (= 0.0.8)
    - AFOUIKIT/viewController (= 0.0.8)
    - AFOUIKIT/window (= 0.0.8)
  - AFOUIKIT/collectionView (0.0.8)
  - AFOUIKIT/navigationController (0.0.8)
  - AFOUIKIT/tabBarController (0.0.8)
  - AFOUIKIT/uiimage (0.0.8)
  - AFOUIKIT/viewController (0.0.8)
  - AFOUIKIT/window (0.0.8)
  - AFOViews (0.0.2)
  - AFOx264 (0.0.1)
  - FMDB (2.7.12):
    - FMDB/standard (= 2.7.12)
  - FMDB/Core (2.7.12)
  - FMDB/standard (2.7.12):
    - FMDB/Core
  - libxvidcore (0.0.1)

DEPENDENCIES:
  - AFODelegateExtension (from `../../AFODelegateExtension`)
  - AFOFFMpeg (from `../../AFOFFMpeg`)
  - AFOFoundation (from `../../AFOFoundation`)
  - AFOGitHub (from `../../AFOGitHub`)
  - AFOPlaylist (from `../../AFOPlaylist`)
  - AFOPlaylist/Tests (from `../../AFOPlaylist`)
  - AFORouter (from `../../AFORouter`)
  - AFOSchedulerCore (from `../../AFOSchedulerCore`)
  - AFOUIKIT (from `../../AFOUIKIT`)
  - AFOViews (from `../../AFOViews`)

SPEC REPOS:
  trunk:
    - AFOFFMpegLib
    - AFOlibyuv
    - AFOSQLite
    - AFOx264
    - FMDB
    - libxvidcore

EXTERNAL SOURCES:
  AFODelegateExtension:
    :path: "../../AFODelegateExtension"
  AFOFFMpeg:
    :path: "../../AFOFFMpeg"
  AFOFoundation:
    :path: "../../AFOFoundation"
  AFOGitHub:
    :path: "../../AFOGitHub"
  AFOPlaylist:
    :path: "../../AFOPlaylist"
  AFORouter:
    :path: "../../AFORouter"
  AFOSchedulerCore:
    :path: "../../AFOSchedulerCore"
  AFOUIKIT:
    :path: "../../AFOUIKIT"
  AFOViews:
    :path: "../../AFOViews"

SPEC CHECKSUMS:
  AFODelegateExtension: 4a3b0331b540af32b577bc389498aefc1e633981
  AFOFFMpeg: 50e3a8368cb93e0e0349ac9f88732ba92043a25b
  AFOFFMpegLib: 1d3079e6dc657e8b0cbba9ae21f5eb6a86b7bc1d
  AFOFoundation: b5953521aa5c436dba3d2e77d56b5614289476ab
  AFOGitHub: cc0f08eec5c410cfdd83a876d00cec3f59bc0c39
  AFOlibyuv: 0de9914d223842fb3bd71df543efbc0b3de46d85
  AFOPlaylist: aee474de8a6eabc91b1f9fdfcc42a9e5cc373f1e
  AFORouter: e7ecdd2023d64a99f56b8db96987955a73a363b7
  AFOSchedulerCore: 67ac518e0a44ec4b740abe7c61f3a725071c1fae
  AFOSQLite: d5f1a069955f3a074b2585c48d5417fa7ccf3392
  AFOUIKIT: 6651a7729d4b584b6a9f13135c5775145f5ec318
  AFOViews: e163b3141ed826d28d47c2a47cdbc51d0c399a54
  AFOx264: 83c386e207372a1d9b57ca21fda9c7a3d09c5b15
  FMDB: 728731dd336af3936ce00f91d9d8495f5718a0e6
  libxvidcore: 304cbb77e3398b9dfc7bd006d85196e39edc8185

PODFILE CHECKSUM: 4c81f88a65840ec560d9fea34385122d6b302943

COCOAPODS: 1.16.2
